// !$*UTF8*$!
{
	archiveVersion = 1;
	classes = {
	};
	objectVersion = 46;
	objects = {

/* Begin PBXBuildFile section */
		8AD602A5C3BF6182E97CA3F9 /* Pods_MardiKomunitiIOS.framework in Frameworks */ = {isa = PBXBuildFile; fileRef = BE9394F831E349D44A66210D /* Pods_MardiKomunitiIOS.framework */; };
		9E4462441F7E374700F82591 /* AppDelegate.swift in Sources */ = {isa = PBXBuildFile; fileRef = 9E4462431F7E374700F82591 /* AppDelegate.swift */; };
		9E4462461F7E374700F82591 /* ViewController.swift in Sources */ = {isa = PBXBuildFile; fileRef = 9E4462451F7E374700F82591 /* ViewController.swift */; };
		9E4462491F7E374700F82591 /* Main.storyboard in Resources */ = {isa = PBXBuildFile; fileRef = 9E4462471F7E374700F82591 /* Main.storyboard */; };
		9E44624B1F7E374700F82591 /* Assets.xcassets in Resources */ = {isa = PBXBuildFile; fileRef = 9E44624A1F7E374700F82591 /* Assets.xcassets */; };
		9E44624E1F7E374700F82591 /* LaunchScreen.storyboard in Resources */ = {isa = PBXBuildFile; fileRef = 9E44624C1F7E374700F82591 /* LaunchScreen.storyboard */; };
		9E5884751F81FBF5001EDA2E /* AplikasiBerkaitanCVC.swift in Sources */ = {isa = PBXBuildFile; fileRef = 9E5884741F81FBF5001EDA2E /* AplikasiBerkaitanCVC.swift */; };
		9E5884771F81FC91001EDA2E /* Extension.swift in Sources */ = {isa = PBXBuildFile; fileRef = 9E5884761F81FC91001EDA2E /* Extension.swift */; };
		9E5884791F81FCAC001EDA2E /* NetworkProcessor.swift in Sources */ = {isa = PBXBuildFile; fileRef = 9E5884781F81FCAC001EDA2E /* NetworkProcessor.swift */; };
		9E58847C1F8210FA001EDA2E /* Colors.swift in Sources */ = {isa = PBXBuildFile; fileRef = 9E58847B1F8210FA001EDA2E /* Colors.swift */; };
		9E58847E1F8215D2001EDA2E /* AplikasiCell.swift in Sources */ = {isa = PBXBuildFile; fileRef = 9E58847D1F8215D2001EDA2E /* AplikasiCell.swift */; };
		9E5884801F821B6F001EDA2E /* MainTabBarVC.swift in Sources */ = {isa = PBXBuildFile; fileRef = 9E58847F1F821B6F001EDA2E /* MainTabBarVC.swift */; };
		B71AD0261F832F8D008DA4AF /* PengumumanTVC.swift in Sources */ = {isa = PBXBuildFile; fileRef = B71AD0251F832F8D008DA4AF /* PengumumanTVC.swift */; };
		B71AD0281F833001008DA4AF /* PengumumanTVCell.swift in Sources */ = {isa = PBXBuildFile; fileRef = B71AD0271F833001008DA4AF /* PengumumanTVCell.swift */; };
		B71AD02A1F8331E2008DA4AF /* ZUISetup.swift in Sources */ = {isa = PBXBuildFile; fileRef = B71AD0291F8331E2008DA4AF /* ZUISetup.swift */; };
		B71AD02E1F833708008DA4AF /* padikebangsaan.jpg in Resources */ = {isa = PBXBuildFile; fileRef = B71AD02D1F833708008DA4AF /* padikebangsaan.jpg */; };
		B7C8AF151F833A670097597F /* ZImages.swift in Sources */ = {isa = PBXBuildFile; fileRef = B7C8AF141F833A670097597F /* ZImages.swift */; };
		B7C8AF171F8342630097597F /* PengumumanDetailsTVC.swift in Sources */ = {isa = PBXBuildFile; fileRef = B7C8AF161F8342630097597F /* PengumumanDetailsTVC.swift */; };
		B7C8AF191F8342770097597F /* PengumumanDetailsTVCell.swift in Sources */ = {isa = PBXBuildFile; fileRef = B7C8AF181F8342770097597F /* PengumumanDetailsTVCell.swift */; };
		B7C8AF1B1F8346410097597F /* ZGraphics.swift in Sources */ = {isa = PBXBuildFile; fileRef = B7C8AF1A1F8346410097597F /* ZGraphics.swift */; };
		B7C8AF1E1F83843C0097597F /* InfoPenggunaTVC.swift in Sources */ = {isa = PBXBuildFile; fileRef = B7C8AF1D1F83843C0097597F /* InfoPenggunaTVC.swift */; };
		B7C8AF201F8384530097597F /* InfoPenggunaTVCell.swift in Sources */ = {isa = PBXBuildFile; fileRef = B7C8AF1F1F8384530097597F /* InfoPenggunaTVCell.swift */; };
		B7C8AF251F8488A80097597F /* LoginVC.swift in Sources */ = {isa = PBXBuildFile; fileRef = B7C8AF241F8488A80097597F /* LoginVC.swift */; };
		B7C8AF271F84BDF50097597F /* LoginProcessVC.swift in Sources */ = {isa = PBXBuildFile; fileRef = B7C8AF261F84BDF50097597F /* LoginProcessVC.swift */; };
		B7C8AF291F84E5A50097597F /* ZUIs.swift in Sources */ = {isa = PBXBuildFile; fileRef = B7C8AF281F84E5A50097597F /* ZUIs.swift */; };
/* End PBXBuildFile section */

/* Begin PBXFileReference section */
		19FAB0D63926E69F98D04A81 /* Pods-MardiKomunitiIOS.release.xcconfig */ = {isa = PBXFileReference; includeInIndex = 1; lastKnownFileType = text.xcconfig; name = "Pods-MardiKomunitiIOS.release.xcconfig"; path = "Pods/Target Support Files/Pods-MardiKomunitiIOS/Pods-MardiKomunitiIOS.release.xcconfig"; sourceTree = "<group>"; };
		79C3F55900B47F65D8E38E71 /* Pods-MardiKomunitiIOS.debug.xcconfig */ = {isa = PBXFileReference; includeInIndex = 1; lastKnownFileType = text.xcconfig; name = "Pods-MardiKomunitiIOS.debug.xcconfig"; path = "Pods/Target Support Files/Pods-MardiKomunitiIOS/Pods-MardiKomunitiIOS.debug.xcconfig"; sourceTree = "<group>"; };
		9E4462401F7E374700F82591 /* MardiKomunitiIOS.app */ = {isa = PBXFileReference; explicitFileType = wrapper.application; includeInIndex = 0; path = MardiKomunitiIOS.app; sourceTree = BUILT_PRODUCTS_DIR; };
		9E4462431F7E374700F82591 /* AppDelegate.swift */ = {isa = PBXFileReference; lastKnownFileType = sourcecode.swift; path = AppDelegate.swift; sourceTree = "<group>"; };
		9E4462451F7E374700F82591 /* ViewController.swift */ = {isa = PBXFileReference; lastKnownFileType = sourcecode.swift; path = ViewController.swift; sourceTree = "<group>"; };
		9E4462481F7E374700F82591 /* Base */ = {isa = PBXFileReference; lastKnownFileType = file.storyboard; name = Base; path = Base.lproj/Main.storyboard; sourceTree = "<group>"; };
		9E44624A1F7E374700F82591 /* Assets.xcassets */ = {isa = PBXFileReference; lastKnownFileType = folder.assetcatalog; path = Assets.xcassets; sourceTree = "<group>"; };
		9E44624D1F7E374700F82591 /* Base */ = {isa = PBXFileReference; lastKnownFileType = file.storyboard; name = Base; path = Base.lproj/LaunchScreen.storyboard; sourceTree = "<group>"; };
		9E44624F1F7E374700F82591 /* Info.plist */ = {isa = PBXFileReference; lastKnownFileType = text.plist.xml; path = Info.plist; sourceTree = "<group>"; };
		9E5884741F81FBF5001EDA2E /* AplikasiBerkaitanCVC.swift */ = {isa = PBXFileReference; fileEncoding = 4; lastKnownFileType = sourcecode.swift; path = AplikasiBerkaitanCVC.swift; sourceTree = "<group>"; };
		9E5884761F81FC91001EDA2E /* Extension.swift */ = {isa = PBXFileReference; fileEncoding = 4; lastKnownFileType = sourcecode.swift; path = Extension.swift; sourceTree = "<group>"; };
		9E5884781F81FCAC001EDA2E /* NetworkProcessor.swift */ = {isa = PBXFileReference; fileEncoding = 4; lastKnownFileType = sourcecode.swift; path = NetworkProcessor.swift; sourceTree = "<group>"; };
		9E58847B1F8210FA001EDA2E /* Colors.swift */ = {isa = PBXFileReference; fileEncoding = 4; lastKnownFileType = sourcecode.swift; path = Colors.swift; sourceTree = "<group>"; };
		9E58847D1F8215D2001EDA2E /* AplikasiCell.swift */ = {isa = PBXFileReference; fileEncoding = 4; lastKnownFileType = sourcecode.swift; path = AplikasiCell.swift; sourceTree = "<group>"; };
		9E58847F1F821B6F001EDA2E /* MainTabBarVC.swift */ = {isa = PBXFileReference; fileEncoding = 4; lastKnownFileType = sourcecode.swift; path = MainTabBarVC.swift; sourceTree = "<group>"; };
		B71AD0251F832F8D008DA4AF /* PengumumanTVC.swift */ = {isa = PBXFileReference; fileEncoding = 4; lastKnownFileType = sourcecode.swift; path = PengumumanTVC.swift; sourceTree = "<group>"; };
		B71AD0271F833001008DA4AF /* PengumumanTVCell.swift */ = {isa = PBXFileReference; fileEncoding = 4; lastKnownFileType = sourcecode.swift; path = PengumumanTVCell.swift; sourceTree = "<group>"; };
		B71AD0291F8331E2008DA4AF /* ZUISetup.swift */ = {isa = PBXFileReference; fileEncoding = 4; lastKnownFileType = sourcecode.swift; path = ZUISetup.swift; sourceTree = "<group>"; };
		B71AD02D1F833708008DA4AF /* padikebangsaan.jpg */ = {isa = PBXFileReference; lastKnownFileType = image.jpeg; path = padikebangsaan.jpg; sourceTree = "<group>"; };
		B7C8AF141F833A670097597F /* ZImages.swift */ = {isa = PBXFileReference; fileEncoding = 4; lastKnownFileType = sourcecode.swift; path = ZImages.swift; sourceTree = "<group>"; };
		B7C8AF161F8342630097597F /* PengumumanDetailsTVC.swift */ = {isa = PBXFileReference; fileEncoding = 4; lastKnownFileType = sourcecode.swift; path = PengumumanDetailsTVC.swift; sourceTree = "<group>"; };
		B7C8AF181F8342770097597F /* PengumumanDetailsTVCell.swift */ = {isa = PBXFileReference; fileEncoding = 4; lastKnownFileType = sourcecode.swift; path = PengumumanDetailsTVCell.swift; sourceTree = "<group>"; };
		B7C8AF1A1F8346410097597F /* ZGraphics.swift */ = {isa = PBXFileReference; fileEncoding = 4; lastKnownFileType = sourcecode.swift; path = ZGraphics.swift; sourceTree = "<group>"; };
		B7C8AF1D1F83843C0097597F /* InfoPenggunaTVC.swift */ = {isa = PBXFileReference; fileEncoding = 4; lastKnownFileType = sourcecode.swift; path = InfoPenggunaTVC.swift; sourceTree = "<group>"; };
		B7C8AF1F1F8384530097597F /* InfoPenggunaTVCell.swift */ = {isa = PBXFileReference; fileEncoding = 4; lastKnownFileType = sourcecode.swift; path = InfoPenggunaTVCell.swift; sourceTree = "<group>"; };
		B7C8AF241F8488A80097597F /* LoginVC.swift */ = {isa = PBXFileReference; fileEncoding = 4; lastKnownFileType = sourcecode.swift; path = LoginVC.swift; sourceTree = "<group>"; };
		B7C8AF261F84BDF50097597F /* LoginProcessVC.swift */ = {isa = PBXFileReference; fileEncoding = 4; lastKnownFileType = sourcecode.swift; path = LoginProcessVC.swift; sourceTree = "<group>"; };
		B7C8AF281F84E5A50097597F /* ZUIs.swift */ = {isa = PBXFileReference; fileEncoding = 4; lastKnownFileType = sourcecode.swift; path = ZUIs.swift; sourceTree = "<group>"; };
		BE9394F831E349D44A66210D /* Pods_MardiKomunitiIOS.framework */ = {isa = PBXFileReference; explicitFileType = wrapper.framework; includeInIndex = 0; path = Pods_MardiKomunitiIOS.framework; sourceTree = BUILT_PRODUCTS_DIR; };
/* End PBXFileReference section */

/* Begin PBXFrameworksBuildPhase section */
		9E44623D1F7E374700F82591 /* Frameworks */ = {
			isa = PBXFrameworksBuildPhase;
			buildActionMask = 2147483647;
			files = (
				8AD602A5C3BF6182E97CA3F9 /* Pods_MardiKomunitiIOS.framework in Frameworks */,
			);
			runOnlyForDeploymentPostprocessing = 0;
		};
/* End PBXFrameworksBuildPhase section */

/* Begin PBXGroup section */
		673420F58CE7E5697264B833 /* Pods */ = {
			isa = PBXGroup;
			children = (
				79C3F55900B47F65D8E38E71 /* Pods-MardiKomunitiIOS.debug.xcconfig */,
				19FAB0D63926E69F98D04A81 /* Pods-MardiKomunitiIOS.release.xcconfig */,
			);
			name = Pods;
			sourceTree = "<group>";
		};
		9E4462371F7E374600F82591 = {
			isa = PBXGroup;
			children = (
				9E4462421F7E374700F82591 /* MardiKomunitiIOS */,
				9E4462411F7E374700F82591 /* Products */,
				673420F58CE7E5697264B833 /* Pods */,
				D3ABA0F4D711F4525CA64C50 /* Frameworks */,
			);
			sourceTree = "<group>";
		};
		9E4462411F7E374700F82591 /* Products */ = {
			isa = PBXGroup;
			children = (
				9E4462401F7E374700F82591 /* MardiKomunitiIOS.app */,
			);
			name = Products;
			sourceTree = "<group>";
		};
		9E4462421F7E374700F82591 /* MardiKomunitiIOS */ = {
			isa = PBXGroup;
			children = (
				B7C8AF211F8488520097597F /* Login */,
				B7C8AF1C1F8384170097597F /* Info */,
				B71AD02B1F8336EC008DA4AF /* Res */,
				B71AD0241F8242CA008DA4AF /* Pengumuman */,
				9E5884731F81FB9E001EDA2E /* AplikasiBerkaitan */,
				9E58847A1F81FCD4001EDA2E /* Etc */,
				9E4462431F7E374700F82591 /* AppDelegate.swift */,
				9E4462451F7E374700F82591 /* ViewController.swift */,
				9E4462471F7E374700F82591 /* Main.storyboard */,
				9E44624A1F7E374700F82591 /* Assets.xcassets */,
				9E44624C1F7E374700F82591 /* LaunchScreen.storyboard */,
				9E44624F1F7E374700F82591 /* Info.plist */,
				9E58847F1F821B6F001EDA2E /* MainTabBarVC.swift */,
			);
			path = MardiKomunitiIOS;
			sourceTree = "<group>";
		};
		9E5884731F81FB9E001EDA2E /* AplikasiBerkaitan */ = {
			isa = PBXGroup;
			children = (
				9E5884741F81FBF5001EDA2E /* AplikasiBerkaitanCVC.swift */,
				9E58847D1F8215D2001EDA2E /* AplikasiCell.swift */,
			);
			name = AplikasiBerkaitan;
			sourceTree = "<group>";
		};
		9E58847A1F81FCD4001EDA2E /* Etc */ = {
			isa = PBXGroup;
			children = (
				B7C8AF281F84E5A50097597F /* ZUIs.swift */,
				B7C8AF1A1F8346410097597F /* ZGraphics.swift */,
				B7C8AF141F833A670097597F /* ZImages.swift */,
				B71AD0291F8331E2008DA4AF /* ZUISetup.swift */,
				9E5884761F81FC91001EDA2E /* Extension.swift */,
				9E5884781F81FCAC001EDA2E /* NetworkProcessor.swift */,
				9E58847B1F8210FA001EDA2E /* Colors.swift */,
			);
			name = Etc;
			sourceTree = "<group>";
		};
		B71AD0241F8242CA008DA4AF /* Pengumuman */ = {
			isa = PBXGroup;
			children = (
				B71AD0251F832F8D008DA4AF /* PengumumanTVC.swift */,
				B71AD0271F833001008DA4AF /* PengumumanTVCell.swift */,
				B7C8AF161F8342630097597F /* PengumumanDetailsTVC.swift */,
				B7C8AF181F8342770097597F /* PengumumanDetailsTVCell.swift */,
			);
			name = Pengumuman;
			sourceTree = "<group>";
		};
		B71AD02B1F8336EC008DA4AF /* Res */ = {
			isa = PBXGroup;
			children = (
				B71AD02C1F8336F6008DA4AF /* Sprites */,
			);
			name = Res;
			sourceTree = "<group>";
		};
		B71AD02C1F8336F6008DA4AF /* Sprites */ = {
			isa = PBXGroup;
			children = (
				B71AD02D1F833708008DA4AF /* padikebangsaan.jpg */,
			);
			name = Sprites;
			sourceTree = "<group>";
		};
		B7C8AF1C1F8384170097597F /* Info */ = {
			isa = PBXGroup;
			children = (
				B7C8AF1D1F83843C0097597F /* InfoPenggunaTVC.swift */,
				B7C8AF1F1F8384530097597F /* InfoPenggunaTVCell.swift */,
			);
			name = Info;
			sourceTree = "<group>";
		};
		B7C8AF211F8488520097597F /* Login */ = {
			isa = PBXGroup;
			children = (
				B7C8AF241F8488A80097597F /* LoginVC.swift */,
				B7C8AF261F84BDF50097597F /* LoginProcessVC.swift */,
			);
			name = Login;
			sourceTree = "<group>";
		};
		D3ABA0F4D711F4525CA64C50 /* Frameworks */ = {
			isa = PBXGroup;
			children = (
				BE9394F831E349D44A66210D /* Pods_MardiKomunitiIOS.framework */,
			);
			name = Frameworks;
			sourceTree = "<group>";
		};
/* End PBXGroup section */

/* Begin PBXNativeTarget section */
		9E44623F1F7E374700F82591 /* MardiKomunitiIOS */ = {
			isa = PBXNativeTarget;
			buildConfigurationList = 9E4462521F7E374700F82591 /* Build configuration list for PBXNativeTarget "MardiKomunitiIOS" */;
			buildPhases = (
				8BF612A76DB8C414AB0B7C65 /* [CP] Check Pods Manifest.lock */,
				9E44623C1F7E374700F82591 /* Sources */,
				9E44623D1F7E374700F82591 /* Frameworks */,
				9E44623E1F7E374700F82591 /* Resources */,
				04B261BF2BA5DD61EA1BD5CF /* [CP] Embed Pods Frameworks */,
				06D8668A0E8EA50F7B626B35 /* [CP] Copy Pods Resources */,
			);
			buildRules = (
			);
			dependencies = (
			);
			name = MardiKomunitiIOS;
			productName = MardiKomunitiIOS;
			productReference = 9E4462401F7E374700F82591 /* MardiKomunitiIOS.app */;
			productType = "com.apple.product-type.application";
		};
/* End PBXNativeTarget section */

/* Begin PBXProject section */
		9E4462381F7E374600F82591 /* Project object */ = {
			isa = PBXProject;
			attributes = {
				LastSwiftUpdateCheck = 0820;
				LastUpgradeCheck = 0820;
				ORGANIZATIONNAME = com.ingeniworks;
				TargetAttributes = {
					9E44623F1F7E374700F82591 = {
						CreatedOnToolsVersion = 8.2.1;
						DevelopmentTeam = 6CSE68LD7S;
						ProvisioningStyle = Automatic;
					};
				};
			};
			buildConfigurationList = 9E44623B1F7E374600F82591 /* Build configuration list for PBXProject "MardiKomunitiIOS" */;
			compatibilityVersion = "Xcode 3.2";
			developmentRegion = English;
			hasScannedForEncodings = 0;
			knownRegions = (
				en,
				Base,
			);
			mainGroup = 9E4462371F7E374600F82591;
			productRefGroup = 9E4462411F7E374700F82591 /* Products */;
			projectDirPath = "";
			projectRoot = "";
			targets = (
				9E44623F1F7E374700F82591 /* MardiKomunitiIOS */,
			);
		};
/* End PBXProject section */

/* Begin PBXResourcesBuildPhase section */
		9E44623E1F7E374700F82591 /* Resources */ = {
			isa = PBXResourcesBuildPhase;
			buildActionMask = 2147483647;
			files = (
				9E44624E1F7E374700F82591 /* LaunchScreen.storyboard in Resources */,
				9E44624B1F7E374700F82591 /* Assets.xcassets in Resources */,
				B71AD02E1F833708008DA4AF /* padikebangsaan.jpg in Resources */,
				9E4462491F7E374700F82591 /* Main.storyboard in Resources */,
			);
			runOnlyForDeploymentPostprocessing = 0;
		};
/* End PBXResourcesBuildPhase section */

/* Begin PBXShellScriptBuildPhase section */
		04B261BF2BA5DD61EA1BD5CF /* [CP] Embed Pods Frameworks */ = {
			isa = PBXShellScriptBuildPhase;
			buildActionMask = 2147483647;
			files = (
			);
			inputPaths = (
			);
			name = "[CP] Embed Pods Frameworks";
			outputPaths = (
			);
			runOnlyForDeploymentPostprocessing = 0;
			shellPath = /bin/sh;
			shellScript = "\"${SRCROOT}/Pods/Target Support Files/Pods-MardiKomunitiIOS/Pods-MardiKomunitiIOS-frameworks.sh\"\n";
			showEnvVarsInLog = 0;
		};
		06D8668A0E8EA50F7B626B35 /* [CP] Copy Pods Resources */ = {
			isa = PBXShellScriptBuildPhase;
			buildActionMask = 2147483647;
			files = (
			);
			inputPaths = (
			);
			name = "[CP] Copy Pods Resources";
			outputPaths = (
			);
			runOnlyForDeploymentPostprocessing = 0;
			shellPath = /bin/sh;
			shellScript = "\"${SRCROOT}/Pods/Target Support Files/Pods-MardiKomunitiIOS/Pods-MardiKomunitiIOS-resources.sh\"\n";
			showEnvVarsInLog = 0;
		};
		8BF612A76DB8C414AB0B7C65 /* [CP] Check Pods Manifest.lock */ = {
			isa = PBXShellScriptBuildPhase;
			buildActionMask = 2147483647;
			files = (
			);
			inputPaths = (
			);
			name = "[CP] Check Pods Manifest.lock";
			outputPaths = (
			);
			runOnlyForDeploymentPostprocessing = 0;
			shellPath = /bin/sh;
			shellScript = "diff \"${PODS_ROOT}/../Podfile.lock\" \"${PODS_ROOT}/Manifest.lock\" > /dev/null\nif [ $? != 0 ] ; then\n    # print error to STDERR\n    echo \"error: The sandbox is not in sync with the Podfile.lock. Run 'pod install' or update your CocoaPods installation.\" >&2\n    exit 1\nfi\n";
			showEnvVarsInLog = 0;
		};
/* End PBXShellScriptBuildPhase section */

/* Begin PBXSourcesBuildPhase section */
		9E44623C1F7E374700F82591 /* Sources */ = {
			isa = PBXSourcesBuildPhase;
			buildActionMask = 2147483647;
			files = (
				B7C8AF291F84E5A50097597F /* ZUIs.swift in Sources */,
				9E4462461F7E374700F82591 /* ViewController.swift in Sources */,
				9E58847C1F8210FA001EDA2E /* Colors.swift in Sources */,
				B71AD0281F833001008DA4AF /* PengumumanTVCell.swift in Sources */,
				B7C8AF201F8384530097597F /* InfoPenggunaTVCell.swift in Sources */,
				9E5884751F81FBF5001EDA2E /* AplikasiBerkaitanCVC.swift in Sources */,
				B71AD0261F832F8D008DA4AF /* PengumumanTVC.swift in Sources */,
				9E4462441F7E374700F82591 /* AppDelegate.swift in Sources */,
				B71AD02A1F8331E2008DA4AF /* ZUISetup.swift in Sources */,
				9E5884771F81FC91001EDA2E /* Extension.swift in Sources */,
				B7C8AF151F833A670097597F /* ZImages.swift in Sources */,
				B7C8AF1B1F8346410097597F /* ZGraphics.swift in Sources */,
				B7C8AF171F8342630097597F /* PengumumanDetailsTVC.swift in Sources */,
				9E58847E1F8215D2001EDA2E /* AplikasiCell.swift in Sources */,
				9E5884791F81FCAC001EDA2E /* NetworkProcessor.swift in Sources */,
				B7C8AF271F84BDF50097597F /* LoginProcessVC.swift in Sources */,
				B7C8AF251F8488A80097597F /* LoginVC.swift in Sources */,
				9E5884801F821B6F001EDA2E /* MainTabBarVC.swift in Sources */,
				B7C8AF1E1F83843C0097597F /* InfoPenggunaTVC.swift in Sources */,
				B7C8AF191F8342770097597F /* PengumumanDetailsTVCell.swift in Sources */,
			);
			runOnlyForDeploymentPostprocessing = 0;
		};
/* End PBXSourcesBuildPhase section */

/* Begin PBXVariantGroup section */
		9E4462471F7E374700F82591 /* Main.storyboard */ = {
			isa = PBXVariantGroup;
			children = (
				9E4462481F7E374700F82591 /* Base */,
			);
			name = Main.storyboard;
			sourceTree = "<group>";
		};
		9E44624C1F7E374700F82591 /* LaunchScreen.storyboard */ = {
			isa = PBXVariantGroup;
			children = (
				9E44624D1F7E374700F82591 /* Base */,
			);
			name = LaunchScreen.storyboard;
			sourceTree = "<group>";
		};
/* End PBXVariantGroup section */

/* Begin XCBuildConfiguration section */
		9E4462501F7E374700F82591 /* Debug */ = {
			isa = XCBuildConfiguration;
			buildSettings = {
				ALWAYS_SEARCH_USER_PATHS = NO;
				CLANG_ANALYZER_NONNULL = YES;
				CLANG_CXX_LANGUAGE_STANDARD = "gnu++0x";
				CLANG_CXX_LIBRARY = "libc++";
				CLANG_ENABLE_MODULES = YES;
				CLANG_ENABLE_OBJC_ARC = YES;
				CLANG_WARN_BOOL_CONVERSION = YES;
				CLANG_WARN_CONSTANT_CONVERSION = YES;
				CLANG_WARN_DIRECT_OBJC_ISA_USAGE = YES_ERROR;
				CLANG_WARN_DOCUMENTATION_COMMENTS = YES;
				CLANG_WARN_EMPTY_BODY = YES;
				CLANG_WARN_ENUM_CONVERSION = YES;
				CLANG_WARN_INFINITE_RECURSION = YES;
				CLANG_WARN_INT_CONVERSION = YES;
				CLANG_WARN_OBJC_ROOT_CLASS = YES_ERROR;
				CLANG_WARN_SUSPICIOUS_MOVE = YES;
				CLANG_WARN_UNREACHABLE_CODE = YES;
				CLANG_WARN__DUPLICATE_METHOD_MATCH = YES;
				"CODE_SIGN_IDENTITY[sdk=iphoneos*]" = "iPhone Developer";
				COPY_PHASE_STRIP = NO;
				DEBUG_INFORMATION_FORMAT = dwarf;
				ENABLE_STRICT_OBJC_MSGSEND = YES;
				ENABLE_TESTABILITY = YES;
				GCC_C_LANGUAGE_STANDARD = gnu99;
				GCC_DYNAMIC_NO_PIC = NO;
				GCC_NO_COMMON_BLOCKS = YES;
				GCC_OPTIMIZATION_LEVEL = 0;
				GCC_PREPROCESSOR_DEFINITIONS = (
					"DEBUG=1",
					"$(inherited)",
				);
				GCC_WARN_64_TO_32_BIT_CONVERSION = YES;
				GCC_WARN_ABOUT_RETURN_TYPE = YES_ERROR;
				GCC_WARN_UNDECLARED_SELECTOR = YES;
				GCC_WARN_UNINITIALIZED_AUTOS = YES_AGGRESSIVE;
				GCC_WARN_UNUSED_FUNCTION = YES;
				GCC_WARN_UNUSED_VARIABLE = YES;
				IPHONEOS_DEPLOYMENT_TARGET = 10.2;
				MTL_ENABLE_DEBUG_INFO = YES;
				ONLY_ACTIVE_ARCH = YES;
				SDKROOT = iphoneos;
				SWIFT_ACTIVE_COMPILATION_CONDITIONS = DEBUG;
				SWIFT_OPTIMIZATION_LEVEL = "-Onone";
			};
			name = Debug;
		};
		9E4462511F7E374700F82591 /* Release */ = {
			isa = XCBuildConfiguration;
			buildSettings = {
				ALWAYS_SEARCH_USER_PATHS = NO;
				CLANG_ANALYZER_NONNULL = YES;
				CLANG_CXX_LANGUAGE_STANDARD = "gnu++0x";
				CLANG_CXX_LIBRARY = "libc++";
				CLANG_ENABLE_MODULES = YES;
				CLANG_ENABLE_OBJC_ARC = YES;
				CLANG_WARN_BOOL_CONVERSION = YES;
				CLANG_WARN_CONSTANT_CONVERSION = YES;
				CLANG_WARN_DIRECT_OBJC_ISA_USAGE = YES_ERROR;
				CLANG_WARN_DOCUMENTATION_COMMENTS = YES;
				CLANG_WARN_EMPTY_BODY = YES;
				CLANG_WARN_ENUM_CONVERSION = YES;
				CLANG_WARN_INFINITE_RECURSION = YES;
				CLANG_WARN_INT_CONVERSION = YES;
				CLANG_WARN_OBJC_ROOT_CLASS = YES_ERROR;
				CLANG_WARN_SUSPICIOUS_MOVE = YES;
				CLANG_WARN_UNREACHABLE_CODE = YES;
				CLANG_WARN__DUPLICATE_METHOD_MATCH = YES;
				"CODE_SIGN_IDENTITY[sdk=iphoneos*]" = "iPhone Developer";
				COPY_PHASE_STRIP = NO;
				DEBUG_INFORMATION_FORMAT = "dwarf-with-dsym";
				ENABLE_NS_ASSERTIONS = NO;
				ENABLE_STRICT_OBJC_MSGSEND = YES;
				GCC_C_LANGUAGE_STANDARD = gnu99;
				GCC_NO_COMMON_BLOCKS = YES;
				GCC_WARN_64_TO_32_BIT_CONVERSION = YES;
				GCC_WARN_ABOUT_RETURN_TYPE = YES_ERROR;
				GCC_WARN_UNDECLARED_SELECTOR = YES;
				GCC_WARN_UNINITIALIZED_AUTOS = YES_AGGRESSIVE;
				GCC_WARN_UNUSED_FUNCTION = YES;
				GCC_WARN_UNUSED_VARIABLE = YES;
				IPHONEOS_DEPLOYMENT_TARGET = 10.2;
				MTL_ENABLE_DEBUG_INFO = NO;
				SDKROOT = iphoneos;
				SWIFT_OPTIMIZATION_LEVEL = "-Owholemodule";
				VALIDATE_PRODUCT = YES;
			};
			name = Release;
		};
		9E4462531F7E374700F82591 /* Debug */ = {
			isa = XCBuildConfiguration;
			baseConfigurationReference = 79C3F55900B47F65D8E38E71 /* Pods-MardiKomunitiIOS.debug.xcconfig */;
			buildSettings = {
				ASSETCATALOG_COMPILER_APPICON_NAME = AppIcon;
				DEVELOPMENT_TEAM = 6CSE68LD7S;
				INFOPLIST_FILE = MardiKomunitiIOS/Info.plist;
				IPHONEOS_DEPLOYMENT_TARGET = 10.0;
				LD_RUNPATH_SEARCH_PATHS = "$(inherited) @executable_path/Frameworks";
				PRODUCT_BUNDLE_IDENTIFIER = com.ingeniworks.mmyagroi;
				PRODUCT_NAME = "$(TARGET_NAME)";
				SWIFT_VERSION = 3.0;
			};
			name = Debug;
		};
		9E4462541F7E374700F82591 /* Release */ = {
			isa = XCBuildConfiguration;
			baseConfigurationReference = 19FAB0D63926E69F98D04A81 /* Pods-MardiKomunitiIOS.release.xcconfig */;
			buildSettings = {
				ASSETCATALOG_COMPILER_APPICON_NAME = AppIcon;
				DEVELOPMENT_TEAM = 6CSE68LD7S;
				INFOPLIST_FILE = MardiKomunitiIOS/Info.plist;
				IPHONEOS_DEPLOYMENT_TARGET = 10.0;
				LD_RUNPATH_SEARCH_PATHS = "$(inherited) @executable_path/Frameworks";
				PRODUCT_BUNDLE_IDENTIFIER = com.ingeniworks.mmyagroi;
				PRODUCT_NAME = "$(TARGET_NAME)";
				SWIFT_VERSION = 3.0;
			};
			name = Release;
		};
/* End XCBuildConfiguration section */

/* Begin XCConfigurationList section */
		9E44623B1F7E374600F82591 /* Build configuration list for PBXProject "MardiKomunitiIOS" */ = {
			isa = XCConfigurationList;
			buildConfigurations = (
				9E4462501F7E374700F82591 /* Debug */,
				9E4462511F7E374700F82591 /* Release */,
			);
			defaultConfigurationIsVisible = 0;
			defaultConfigurationName = Release;
		};
		9E4462521F7E374700F82591 /* Build configuration list for PBXNativeTarget "MardiKomunitiIOS" */ = {
			isa = XCConfigurationList;
			buildConfigurations = (
				9E4462531F7E374700F82591 /* Debug */,
				9E4462541F7E374700F82591 /* Release */,
			);
			defaultConfigurationIsVisible = 0;
			defaultConfigurationName = Release;
		};
/* End XCConfigurationList section */
	};
	rootObject = 9E4462381F7E374600F82591 /* Project object */;
}
