// !$*UTF8*$!
{
	archiveVersion = 1;
	classes = {
	};
	objectVersion = 46;
	objects = {

/* Begin PBXBuildFile section */
		8AD602A5C3BF6182E97CA3F9 /* Pods_MardiKomunitiIOS.framework in Frameworks */ = {isa = PBXBuildFile; fileRef = BE9394F831E349D44A66210D /* Pods_MardiKomunitiIOS.framework */; };
		9E0552CC1F849132002BA0E0 /* MessageInboxTVC.swift in Sources */ = {isa = PBXBuildFile; fileRef = 9E0552CB1F849132002BA0E0 /* MessageInboxTVC.swift */; };
		9E0552CE1F84972A002BA0E0 /* MessageInboxCell.swift in Sources */ = {isa = PBXBuildFile; fileRef = 9E0552CD1F84972A002BA0E0 /* MessageInboxCell.swift */; };
		9E0552D21F84CE09002BA0E0 /* MembersCell.swift in Sources */ = {isa = PBXBuildFile; fileRef = 9E0552D11F84CE09002BA0E0 /* MembersCell.swift */; };
		9E0552D41F84CE19002BA0E0 /* ContentCell.swift in Sources */ = {isa = PBXBuildFile; fileRef = 9E0552D31F84CE19002BA0E0 /* ContentCell.swift */; };
		9E0552D61F84CE26002BA0E0 /* RepliedCell.swift in Sources */ = {isa = PBXBuildFile; fileRef = 9E0552D51F84CE26002BA0E0 /* RepliedCell.swift */; };
		9E0552D91F84DBDD002BA0E0 /* MembersCollectionCell.swift in Sources */ = {isa = PBXBuildFile; fileRef = 9E0552D81F84DBDD002BA0E0 /* MembersCollectionCell.swift */; };
		9E0552DD1F84E6DB002BA0E0 /* MembersCell.xib in Resources */ = {isa = PBXBuildFile; fileRef = 9E0552DC1F84E6DB002BA0E0 /* MembersCell.xib */; };
		9E0552DF1F84E86E002BA0E0 /* ContentCell.xib in Resources */ = {isa = PBXBuildFile; fileRef = 9E0552DE1F84E86E002BA0E0 /* ContentCell.xib */; };
		9E0552E11F84EA87002BA0E0 /* RepliedCell.xib in Resources */ = {isa = PBXBuildFile; fileRef = 9E0552E01F84EA87002BA0E0 /* RepliedCell.xib */; };
		9E0552E31F84EBF1002BA0E0 /* MembersCollectionCell.xib in Resources */ = {isa = PBXBuildFile; fileRef = 9E0552E21F84EBF1002BA0E0 /* MembersCollectionCell.xib */; };
		9E0552E51F84EDB6002BA0E0 /* MessageDetailsVC.swift in Sources */ = {isa = PBXBuildFile; fileRef = 9E0552E41F84EDB6002BA0E0 /* MessageDetailsVC.swift */; };
		9E0552E71F84FD6F002BA0E0 /* MessageDetailsExtension.swift in Sources */ = {isa = PBXBuildFile; fileRef = 9E0552E61F84FD6F002BA0E0 /* MessageDetailsExtension.swift */; };
		9E4462441F7E374700F82591 /* AppDelegate.swift in Sources */ = {isa = PBXBuildFile; fileRef = 9E4462431F7E374700F82591 /* AppDelegate.swift */; };
		9E4462461F7E374700F82591 /* ViewController.swift in Sources */ = {isa = PBXBuildFile; fileRef = 9E4462451F7E374700F82591 /* ViewController.swift */; };
		9E4462491F7E374700F82591 /* Main.storyboard in Resources */ = {isa = PBXBuildFile; fileRef = 9E4462471F7E374700F82591 /* Main.storyboard */; };
		9E44624B1F7E374700F82591 /* Assets.xcassets in Resources */ = {isa = PBXBuildFile; fileRef = 9E44624A1F7E374700F82591 /* Assets.xcassets */; };
		9E44624E1F7E374700F82591 /* LaunchScreen.storyboard in Resources */ = {isa = PBXBuildFile; fileRef = 9E44624C1F7E374700F82591 /* LaunchScreen.storyboard */; };
		9E49FCBB1F8CACFC001006A5 /* Mesej.swift in Sources */ = {isa = PBXBuildFile; fileRef = 9E49FCBA1F8CACFC001006A5 /* Mesej.swift */; };
		9E49FCBD1F8CC02C001006A5 /* LoadingSpinner.swift in Sources */ = {isa = PBXBuildFile; fileRef = 9E49FCBC1F8CC02C001006A5 /* LoadingSpinner.swift */; };
		9E49FCBF1F8DF90A001006A5 /* Respond.swift in Sources */ = {isa = PBXBuildFile; fileRef = 9E49FCBE1F8DF90A001006A5 /* Respond.swift */; };
		9E49FCC21F8E3F1F001006A5 /* ErrorCell.xib in Resources */ = {isa = PBXBuildFile; fileRef = 9E49FCC11F8E3F1F001006A5 /* ErrorCell.xib */; };
		9E49FCC41F8E3FB1001006A5 /* ErrorCell.swift in Sources */ = {isa = PBXBuildFile; fileRef = 9E49FCC31F8E3FB1001006A5 /* ErrorCell.swift */; };
		9E49FCCA1F8E6CD4001006A5 /* ProjectMembersCell.swift in Sources */ = {isa = PBXBuildFile; fileRef = 9E49FCC81F8E6CD4001006A5 /* ProjectMembersCell.swift */; };
		9E49FCCB1F8E6CD4001006A5 /* ProjectMembersCell.xib in Resources */ = {isa = PBXBuildFile; fileRef = 9E49FCC91F8E6CD4001006A5 /* ProjectMembersCell.xib */; };
		9E49FCCD1F8E6FB0001006A5 /* BasicInfoCell.swift in Sources */ = {isa = PBXBuildFile; fileRef = 9E49FCCC1F8E6FB0001006A5 /* BasicInfoCell.swift */; };
		9E49FCCF1F8E716D001006A5 /* ProjekDetailsTVC.swift in Sources */ = {isa = PBXBuildFile; fileRef = 9E49FCCE1F8E716D001006A5 /* ProjekDetailsTVC.swift */; };
		9E49FCD31F906ADA001006A5 /* AlertController.swift in Sources */ = {isa = PBXBuildFile; fileRef = 9E49FCD21F906ADA001006A5 /* AlertController.swift */; };
		9E5884751F81FBF5001EDA2E /* AplikasiBerkaitanCVC.swift in Sources */ = {isa = PBXBuildFile; fileRef = 9E5884741F81FBF5001EDA2E /* AplikasiBerkaitanCVC.swift */; };
		9E5884771F81FC91001EDA2E /* Extension.swift in Sources */ = {isa = PBXBuildFile; fileRef = 9E5884761F81FC91001EDA2E /* Extension.swift */; };
		9E5884791F81FCAC001EDA2E /* NetworkProcessor.swift in Sources */ = {isa = PBXBuildFile; fileRef = 9E5884781F81FCAC001EDA2E /* NetworkProcessor.swift */; };
		9E58847C1F8210FA001EDA2E /* Colors.swift in Sources */ = {isa = PBXBuildFile; fileRef = 9E58847B1F8210FA001EDA2E /* Colors.swift */; };
		9E58847E1F8215D2001EDA2E /* AplikasiCell.swift in Sources */ = {isa = PBXBuildFile; fileRef = 9E58847D1F8215D2001EDA2E /* AplikasiCell.swift */; };
		9E5884801F821B6F001EDA2E /* MainTabBarVC.swift in Sources */ = {isa = PBXBuildFile; fileRef = 9E58847F1F821B6F001EDA2E /* MainTabBarVC.swift */; };
		9E6B45811F98912200EDB928 /* AplikasiName.swift in Sources */ = {isa = PBXBuildFile; fileRef = 9E6B45801F98912200EDB928 /* AplikasiName.swift */; };
		9EC60DF11F8738A100E056EF /* ProjectTVC.swift in Sources */ = {isa = PBXBuildFile; fileRef = 9EC60DF01F8738A100E056EF /* ProjectTVC.swift */; };
		9EC60DF31F87552000E056EF /* ProjekCell.swift in Sources */ = {isa = PBXBuildFile; fileRef = 9EC60DF21F87552000E056EF /* ProjekCell.swift */; };
		9EC60DF51F876C0A00E056EF /* Projek.swift in Sources */ = {isa = PBXBuildFile; fileRef = 9EC60DF41F876C0A00E056EF /* Projek.swift */; };
		B712FAC61F8F605F003A873F /* UserDetailsTVC.swift in Sources */ = {isa = PBXBuildFile; fileRef = B712FAC51F8F605F003A873F /* UserDetailsTVC.swift */; };
		B712FAC81F8F6089003A873F /* UserDetailsTVCell.swift in Sources */ = {isa = PBXBuildFile; fileRef = B712FAC71F8F6089003A873F /* UserDetailsTVCell.swift */; };
		B712FACD1F8F9A29003A873F /* ic_email.png in Resources */ = {isa = PBXBuildFile; fileRef = B712FAC91F8F9A29003A873F /* ic_email.png */; };
		B712FACE1F8F9A29003A873F /* ic_phone.png in Resources */ = {isa = PBXBuildFile; fileRef = B712FACA1F8F9A29003A873F /* ic_phone.png */; };
		B712FACF1F8F9A29003A873F /* ic_placepoint.png in Resources */ = {isa = PBXBuildFile; fileRef = B712FACB1F8F9A29003A873F /* ic_placepoint.png */; };
		B712FAD01F8F9A29003A873F /* ic_profile.png in Resources */ = {isa = PBXBuildFile; fileRef = B712FACC1F8F9A29003A873F /* ic_profile.png */; };
		B712FAD21F90AA1C003A873F /* CreateAnnouncementTVC.swift in Sources */ = {isa = PBXBuildFile; fileRef = B712FAD11F90AA1C003A873F /* CreateAnnouncementTVC.swift */; };
		B712FAD41F90AA42003A873F /* CreateAnnouncementTVCell.swift in Sources */ = {isa = PBXBuildFile; fileRef = B712FAD31F90AA42003A873F /* CreateAnnouncementTVCell.swift */; };
		B71AD0261F832F8D008DA4AF /* PengumumanTVC.swift in Sources */ = {isa = PBXBuildFile; fileRef = B71AD0251F832F8D008DA4AF /* PengumumanTVC.swift */; };
		B71AD0281F833001008DA4AF /* PengumumanTVCell.swift in Sources */ = {isa = PBXBuildFile; fileRef = B71AD0271F833001008DA4AF /* PengumumanTVCell.swift */; };
		B71AD02A1F8331E2008DA4AF /* ZUISetup.swift in Sources */ = {isa = PBXBuildFile; fileRef = B71AD0291F8331E2008DA4AF /* ZUISetup.swift */; };
		B71AD02E1F833708008DA4AF /* padikebangsaan.jpg in Resources */ = {isa = PBXBuildFile; fileRef = B71AD02D1F833708008DA4AF /* padikebangsaan.jpg */; };
		B7C5FFC31F98510B00DB252D /* ic_plus.png in Resources */ = {isa = PBXBuildFile; fileRef = B7C5FFC21F98510B00DB252D /* ic_plus.png */; };
		B7C5FFC61F99DD4600DB252D /* Strings.swift in Sources */ = {isa = PBXBuildFile; fileRef = B7C5FFC51F99DD4600DB252D /* Strings.swift */; };
		B7C5FFC81F99E00300DB252D /* AplikasiBerkaitanNC.swift in Sources */ = {isa = PBXBuildFile; fileRef = B7C5FFC71F99E00300DB252D /* AplikasiBerkaitanNC.swift */; };
		B7C5FFCA1F99EEB000DB252D /* SettingsPassVC.swift in Sources */ = {isa = PBXBuildFile; fileRef = B7C5FFC91F99EEB000DB252D /* SettingsPassVC.swift */; };
		B7C5FFCC1F9D881F00DB252D /* GetProjectNVC.swift in Sources */ = {isa = PBXBuildFile; fileRef = B7C5FFCB1F9D881F00DB252D /* GetProjectNVC.swift */; };
		B7C5FFCE1F9D981500DB252D /* ic_sendmsg.png in Resources */ = {isa = PBXBuildFile; fileRef = B7C5FFCD1F9D981500DB252D /* ic_sendmsg.png */; };
		B7C5FFD11F9DC22A00DB252D /* ic_photo-camera.png in Resources */ = {isa = PBXBuildFile; fileRef = B7C5FFCF1F9DC22A00DB252D /* ic_photo-camera.png */; };
		B7C5FFD21F9DC22A00DB252D /* ic_picture.png in Resources */ = {isa = PBXBuildFile; fileRef = B7C5FFD01F9DC22A00DB252D /* ic_picture.png */; };
		B7C8AF151F833A670097597F /* ZImages.swift in Sources */ = {isa = PBXBuildFile; fileRef = B7C8AF141F833A670097597F /* ZImages.swift */; };
		B7C8AF171F8342630097597F /* PengumumanDetailsTVC.swift in Sources */ = {isa = PBXBuildFile; fileRef = B7C8AF161F8342630097597F /* PengumumanDetailsTVC.swift */; };
		B7C8AF191F8342770097597F /* PengumumanDetailsTVCell.swift in Sources */ = {isa = PBXBuildFile; fileRef = B7C8AF181F8342770097597F /* PengumumanDetailsTVCell.swift */; };
		B7C8AF1B1F8346410097597F /* ZGraphics.swift in Sources */ = {isa = PBXBuildFile; fileRef = B7C8AF1A1F8346410097597F /* ZGraphics.swift */; };
		B7C8AF1E1F83843C0097597F /* InfoPenggunaTVC.swift in Sources */ = {isa = PBXBuildFile; fileRef = B7C8AF1D1F83843C0097597F /* InfoPenggunaTVC.swift */; };
		B7C8AF201F8384530097597F /* InfoPenggunaTVCell.swift in Sources */ = {isa = PBXBuildFile; fileRef = B7C8AF1F1F8384530097597F /* InfoPenggunaTVCell.swift */; };
		B7C8AF251F8488A80097597F /* LoginVC.swift in Sources */ = {isa = PBXBuildFile; fileRef = B7C8AF241F8488A80097597F /* LoginVC.swift */; };
		B7C8AF271F84BDF50097597F /* LoginProcessVC.swift in Sources */ = {isa = PBXBuildFile; fileRef = B7C8AF261F84BDF50097597F /* LoginProcessVC.swift */; };
		B7C8AF291F84E5A50097597F /* ZUIs.swift in Sources */ = {isa = PBXBuildFile; fileRef = B7C8AF281F84E5A50097597F /* ZUIs.swift */; };
		B7C8AF2B1F85EC510097597F /* Connectivity.swift in Sources */ = {isa = PBXBuildFile; fileRef = B7C8AF2A1F85EC510097597F /* Connectivity.swift */; };
		B7C8AF2D1F85ECA60097597F /* ZNetwork.swift in Sources */ = {isa = PBXBuildFile; fileRef = B7C8AF2C1F85ECA60097597F /* ZNetwork.swift */; };
		B7C8AF2F1F85EEE60097597F /* URLs.swift in Sources */ = {isa = PBXBuildFile; fileRef = B7C8AF2E1F85EEE60097597F /* URLs.swift */; };
		B7C8AF311F861BAF0097597F /* AfterLoginVC.swift in Sources */ = {isa = PBXBuildFile; fileRef = B7C8AF301F861BAF0097597F /* AfterLoginVC.swift */; };
		B7C8AF341F8623090097597F /* ic_loginavt300.png in Resources */ = {isa = PBXBuildFile; fileRef = B7C8AF331F8623090097597F /* ic_loginavt300.png */; };
		B7C8AF361F8623210097597F /* ic_loginkey300.png in Resources */ = {isa = PBXBuildFile; fileRef = B7C8AF351F8623210097597F /* ic_loginkey300.png */; };
		B7C8AF381F8625280097597F /* ic_mardilogo.png in Resources */ = {isa = PBXBuildFile; fileRef = B7C8AF371F8625280097597F /* ic_mardilogo.png */; };
		B7C8AF3B1F8CAF9B0097597F /* ic_cog.png in Resources */ = {isa = PBXBuildFile; fileRef = B7C8AF3A1F8CAF9B0097597F /* ic_cog.png */; };
		B7C8AF3F1F8CBFEE0097597F /* ic_info_black.png in Resources */ = {isa = PBXBuildFile; fileRef = B7C8AF3C1F8CBFEE0097597F /* ic_info_black.png */; };
		B7C8AF401F8CBFEE0097597F /* ic_info.png in Resources */ = {isa = PBXBuildFile; fileRef = B7C8AF3D1F8CBFEE0097597F /* ic_info.png */; };
		B7C8AF411F8CBFEE0097597F /* ic_logout.png in Resources */ = {isa = PBXBuildFile; fileRef = B7C8AF3E1F8CBFEE0097597F /* ic_logout.png */; };
		B7C8AF431F8DD1FB0097597F /* ic_default.png in Resources */ = {isa = PBXBuildFile; fileRef = B7C8AF421F8DD1FB0097597F /* ic_default.png */; };
		B7C8AF451F8F1A1D0097597F /* BeforeNavController.swift in Sources */ = {isa = PBXBuildFile; fileRef = B7C8AF441F8F1A1D0097597F /* BeforeNavController.swift */; };
		B7C8AF471F8F1C070097597F /* AfterNavController.swift in Sources */ = {isa = PBXBuildFile; fileRef = B7C8AF461F8F1C070097597F /* AfterNavController.swift */; };
		B7C8AF491F8F243D0097597F /* InitialNC.swift in Sources */ = {isa = PBXBuildFile; fileRef = B7C8AF481F8F243D0097597F /* InitialNC.swift */; };
		B7D672781FA03BD900F916EF /* AboutVC.swift in Sources */ = {isa = PBXBuildFile; fileRef = B7D672771FA03BD900F916EF /* AboutVC.swift */; };
		B7D6727A1FA03F7300F916EF /* CustomLabel.swift in Sources */ = {isa = PBXBuildFile; fileRef = B7D672791FA03F7300F916EF /* CustomLabel.swift */; };
/* End PBXBuildFile section */

/* Begin PBXFileReference section */
		19FAB0D63926E69F98D04A81 /* Pods-MardiKomunitiIOS.release.xcconfig */ = {isa = PBXFileReference; includeInIndex = 1; lastKnownFileType = text.xcconfig; name = "Pods-MardiKomunitiIOS.release.xcconfig"; path = "Pods/Target Support Files/Pods-MardiKomunitiIOS/Pods-MardiKomunitiIOS.release.xcconfig"; sourceTree = "<group>"; };
		79C3F55900B47F65D8E38E71 /* Pods-MardiKomunitiIOS.debug.xcconfig */ = {isa = PBXFileReference; includeInIndex = 1; lastKnownFileType = text.xcconfig; name = "Pods-MardiKomunitiIOS.debug.xcconfig"; path = "Pods/Target Support Files/Pods-MardiKomunitiIOS/Pods-MardiKomunitiIOS.debug.xcconfig"; sourceTree = "<group>"; };
		9E0552CB1F849132002BA0E0 /* MessageInboxTVC.swift */ = {isa = PBXFileReference; fileEncoding = 4; lastKnownFileType = sourcecode.swift; path = MessageInboxTVC.swift; sourceTree = "<group>"; };
		9E0552CD1F84972A002BA0E0 /* MessageInboxCell.swift */ = {isa = PBXFileReference; fileEncoding = 4; lastKnownFileType = sourcecode.swift; path = MessageInboxCell.swift; sourceTree = "<group>"; };
		9E0552D11F84CE09002BA0E0 /* MembersCell.swift */ = {isa = PBXFileReference; fileEncoding = 4; lastKnownFileType = sourcecode.swift; path = MembersCell.swift; sourceTree = "<group>"; };
		9E0552D31F84CE19002BA0E0 /* ContentCell.swift */ = {isa = PBXFileReference; fileEncoding = 4; lastKnownFileType = sourcecode.swift; path = ContentCell.swift; sourceTree = "<group>"; };
		9E0552D51F84CE26002BA0E0 /* RepliedCell.swift */ = {isa = PBXFileReference; fileEncoding = 4; lastKnownFileType = sourcecode.swift; path = RepliedCell.swift; sourceTree = "<group>"; };
		9E0552D81F84DBDD002BA0E0 /* MembersCollectionCell.swift */ = {isa = PBXFileReference; fileEncoding = 4; lastKnownFileType = sourcecode.swift; path = MembersCollectionCell.swift; sourceTree = "<group>"; };
		9E0552DC1F84E6DB002BA0E0 /* MembersCell.xib */ = {isa = PBXFileReference; fileEncoding = 4; lastKnownFileType = file.xib; path = MembersCell.xib; sourceTree = "<group>"; };
		9E0552DE1F84E86E002BA0E0 /* ContentCell.xib */ = {isa = PBXFileReference; fileEncoding = 4; lastKnownFileType = file.xib; path = ContentCell.xib; sourceTree = "<group>"; };
		9E0552E01F84EA87002BA0E0 /* RepliedCell.xib */ = {isa = PBXFileReference; fileEncoding = 4; lastKnownFileType = file.xib; path = RepliedCell.xib; sourceTree = "<group>"; };
		9E0552E21F84EBF1002BA0E0 /* MembersCollectionCell.xib */ = {isa = PBXFileReference; fileEncoding = 4; lastKnownFileType = file.xib; path = MembersCollectionCell.xib; sourceTree = "<group>"; };
		9E0552E41F84EDB6002BA0E0 /* MessageDetailsVC.swift */ = {isa = PBXFileReference; fileEncoding = 4; lastKnownFileType = sourcecode.swift; path = MessageDetailsVC.swift; sourceTree = "<group>"; };
		9E0552E61F84FD6F002BA0E0 /* MessageDetailsExtension.swift */ = {isa = PBXFileReference; fileEncoding = 4; lastKnownFileType = sourcecode.swift; path = MessageDetailsExtension.swift; sourceTree = "<group>"; };
		9E4462401F7E374700F82591 /* MardiKomunitiIOS.app */ = {isa = PBXFileReference; explicitFileType = wrapper.application; includeInIndex = 0; path = MardiKomunitiIOS.app; sourceTree = BUILT_PRODUCTS_DIR; };
		9E4462431F7E374700F82591 /* AppDelegate.swift */ = {isa = PBXFileReference; lastKnownFileType = sourcecode.swift; path = AppDelegate.swift; sourceTree = "<group>"; };
		9E4462451F7E374700F82591 /* ViewController.swift */ = {isa = PBXFileReference; lastKnownFileType = sourcecode.swift; path = ViewController.swift; sourceTree = "<group>"; };
		9E4462481F7E374700F82591 /* Base */ = {isa = PBXFileReference; lastKnownFileType = file.storyboard; name = Base; path = Base.lproj/Main.storyboard; sourceTree = "<group>"; };
		9E44624A1F7E374700F82591 /* Assets.xcassets */ = {isa = PBXFileReference; lastKnownFileType = folder.assetcatalog; path = Assets.xcassets; sourceTree = "<group>"; };
		9E44624D1F7E374700F82591 /* Base */ = {isa = PBXFileReference; lastKnownFileType = file.storyboard; name = Base; path = Base.lproj/LaunchScreen.storyboard; sourceTree = "<group>"; };
		9E44624F1F7E374700F82591 /* Info.plist */ = {isa = PBXFileReference; lastKnownFileType = text.plist.xml; path = Info.plist; sourceTree = "<group>"; };
		9E49FCBA1F8CACFC001006A5 /* Mesej.swift */ = {isa = PBXFileReference; fileEncoding = 4; lastKnownFileType = sourcecode.swift; path = Mesej.swift; sourceTree = "<group>"; };
		9E49FCBC1F8CC02C001006A5 /* LoadingSpinner.swift */ = {isa = PBXFileReference; fileEncoding = 4; lastKnownFileType = sourcecode.swift; path = LoadingSpinner.swift; sourceTree = "<group>"; };
		9E49FCBE1F8DF90A001006A5 /* Respond.swift */ = {isa = PBXFileReference; fileEncoding = 4; lastKnownFileType = sourcecode.swift; path = Respond.swift; sourceTree = "<group>"; };
		9E49FCC11F8E3F1F001006A5 /* ErrorCell.xib */ = {isa = PBXFileReference; fileEncoding = 4; lastKnownFileType = file.xib; path = ErrorCell.xib; sourceTree = "<group>"; };
		9E49FCC31F8E3FB1001006A5 /* ErrorCell.swift */ = {isa = PBXFileReference; fileEncoding = 4; lastKnownFileType = sourcecode.swift; path = ErrorCell.swift; sourceTree = "<group>"; };
		9E49FCC81F8E6CD4001006A5 /* ProjectMembersCell.swift */ = {isa = PBXFileReference; fileEncoding = 4; lastKnownFileType = sourcecode.swift; path = ProjectMembersCell.swift; sourceTree = "<group>"; };
		9E49FCC91F8E6CD4001006A5 /* ProjectMembersCell.xib */ = {isa = PBXFileReference; fileEncoding = 4; lastKnownFileType = file.xib; path = ProjectMembersCell.xib; sourceTree = "<group>"; };
		9E49FCCC1F8E6FB0001006A5 /* BasicInfoCell.swift */ = {isa = PBXFileReference; fileEncoding = 4; lastKnownFileType = sourcecode.swift; path = BasicInfoCell.swift; sourceTree = "<group>"; };
		9E49FCCE1F8E716D001006A5 /* ProjekDetailsTVC.swift */ = {isa = PBXFileReference; fileEncoding = 4; lastKnownFileType = sourcecode.swift; path = ProjekDetailsTVC.swift; sourceTree = "<group>"; };
		9E49FCD21F906ADA001006A5 /* AlertController.swift */ = {isa = PBXFileReference; fileEncoding = 4; lastKnownFileType = sourcecode.swift; path = AlertController.swift; sourceTree = "<group>"; };
		9E5884741F81FBF5001EDA2E /* AplikasiBerkaitanCVC.swift */ = {isa = PBXFileReference; fileEncoding = 4; lastKnownFileType = sourcecode.swift; path = AplikasiBerkaitanCVC.swift; sourceTree = "<group>"; };
		9E5884761F81FC91001EDA2E /* Extension.swift */ = {isa = PBXFileReference; fileEncoding = 4; lastKnownFileType = sourcecode.swift; path = Extension.swift; sourceTree = "<group>"; };
		9E5884781F81FCAC001EDA2E /* NetworkProcessor.swift */ = {isa = PBXFileReference; fileEncoding = 4; lastKnownFileType = sourcecode.swift; path = NetworkProcessor.swift; sourceTree = "<group>"; };
		9E58847B1F8210FA001EDA2E /* Colors.swift */ = {isa = PBXFileReference; fileEncoding = 4; lastKnownFileType = sourcecode.swift; path = Colors.swift; sourceTree = "<group>"; };
		9E58847D1F8215D2001EDA2E /* AplikasiCell.swift */ = {isa = PBXFileReference; fileEncoding = 4; lastKnownFileType = sourcecode.swift; path = AplikasiCell.swift; sourceTree = "<group>"; };
		9E58847F1F821B6F001EDA2E /* MainTabBarVC.swift */ = {isa = PBXFileReference; fileEncoding = 4; lastKnownFileType = sourcecode.swift; path = MainTabBarVC.swift; sourceTree = "<group>"; };
		9E6B45801F98912200EDB928 /* AplikasiName.swift */ = {isa = PBXFileReference; fileEncoding = 4; lastKnownFileType = sourcecode.swift; path = AplikasiName.swift; sourceTree = "<group>"; };
		9EC60DF01F8738A100E056EF /* ProjectTVC.swift */ = {isa = PBXFileReference; fileEncoding = 4; lastKnownFileType = sourcecode.swift; path = ProjectTVC.swift; sourceTree = "<group>"; };
		9EC60DF21F87552000E056EF /* ProjekCell.swift */ = {isa = PBXFileReference; fileEncoding = 4; lastKnownFileType = sourcecode.swift; path = ProjekCell.swift; sourceTree = "<group>"; };
		9EC60DF41F876C0A00E056EF /* Projek.swift */ = {isa = PBXFileReference; fileEncoding = 4; lastKnownFileType = sourcecode.swift; path = Projek.swift; sourceTree = "<group>"; };
		B712FAC51F8F605F003A873F /* UserDetailsTVC.swift */ = {isa = PBXFileReference; fileEncoding = 4; lastKnownFileType = sourcecode.swift; path = UserDetailsTVC.swift; sourceTree = "<group>"; };
		B712FAC71F8F6089003A873F /* UserDetailsTVCell.swift */ = {isa = PBXFileReference; fileEncoding = 4; lastKnownFileType = sourcecode.swift; path = UserDetailsTVCell.swift; sourceTree = "<group>"; };
		B712FAC91F8F9A29003A873F /* ic_email.png */ = {isa = PBXFileReference; lastKnownFileType = image.png; path = ic_email.png; sourceTree = "<group>"; };
		B712FACA1F8F9A29003A873F /* ic_phone.png */ = {isa = PBXFileReference; lastKnownFileType = image.png; path = ic_phone.png; sourceTree = "<group>"; };
		B712FACB1F8F9A29003A873F /* ic_placepoint.png */ = {isa = PBXFileReference; lastKnownFileType = image.png; path = ic_placepoint.png; sourceTree = "<group>"; };
		B712FACC1F8F9A29003A873F /* ic_profile.png */ = {isa = PBXFileReference; lastKnownFileType = image.png; path = ic_profile.png; sourceTree = "<group>"; };
		B712FAD11F90AA1C003A873F /* CreateAnnouncementTVC.swift */ = {isa = PBXFileReference; fileEncoding = 4; lastKnownFileType = sourcecode.swift; path = CreateAnnouncementTVC.swift; sourceTree = "<group>"; };
		B712FAD31F90AA42003A873F /* CreateAnnouncementTVCell.swift */ = {isa = PBXFileReference; fileEncoding = 4; lastKnownFileType = sourcecode.swift; path = CreateAnnouncementTVCell.swift; sourceTree = "<group>"; };
		B71AD0251F832F8D008DA4AF /* PengumumanTVC.swift */ = {isa = PBXFileReference; fileEncoding = 4; lastKnownFileType = sourcecode.swift; path = PengumumanTVC.swift; sourceTree = "<group>"; };
		B71AD0271F833001008DA4AF /* PengumumanTVCell.swift */ = {isa = PBXFileReference; fileEncoding = 4; lastKnownFileType = sourcecode.swift; path = PengumumanTVCell.swift; sourceTree = "<group>"; };
		B71AD0291F8331E2008DA4AF /* ZUISetup.swift */ = {isa = PBXFileReference; fileEncoding = 4; lastKnownFileType = sourcecode.swift; path = ZUISetup.swift; sourceTree = "<group>"; };
		B71AD02D1F833708008DA4AF /* padikebangsaan.jpg */ = {isa = PBXFileReference; lastKnownFileType = image.jpeg; path = padikebangsaan.jpg; sourceTree = "<group>"; };
		B7C5FFC21F98510B00DB252D /* ic_plus.png */ = {isa = PBXFileReference; lastKnownFileType = image.png; path = ic_plus.png; sourceTree = "<group>"; };
		B7C5FFC41F98995F00DB252D /* MardiKomunitiIOS.entitlements */ = {isa = PBXFileReference; lastKnownFileType = text.plist.entitlements; path = MardiKomunitiIOS.entitlements; sourceTree = "<group>"; };
		B7C5FFC51F99DD4600DB252D /* Strings.swift */ = {isa = PBXFileReference; fileEncoding = 4; lastKnownFileType = sourcecode.swift; path = Strings.swift; sourceTree = "<group>"; };
		B7C5FFC71F99E00300DB252D /* AplikasiBerkaitanNC.swift */ = {isa = PBXFileReference; fileEncoding = 4; lastKnownFileType = sourcecode.swift; path = AplikasiBerkaitanNC.swift; sourceTree = "<group>"; };
		B7C5FFC91F99EEB000DB252D /* SettingsPassVC.swift */ = {isa = PBXFileReference; fileEncoding = 4; lastKnownFileType = sourcecode.swift; path = SettingsPassVC.swift; sourceTree = "<group>"; };
		B7C5FFCB1F9D881F00DB252D /* GetProjectNVC.swift */ = {isa = PBXFileReference; fileEncoding = 4; lastKnownFileType = sourcecode.swift; path = GetProjectNVC.swift; sourceTree = "<group>"; };
		B7C5FFCD1F9D981500DB252D /* ic_sendmsg.png */ = {isa = PBXFileReference; lastKnownFileType = image.png; path = ic_sendmsg.png; sourceTree = "<group>"; };
		B7C5FFCF1F9DC22A00DB252D /* ic_photo-camera.png */ = {isa = PBXFileReference; lastKnownFileType = image.png; path = "ic_photo-camera.png"; sourceTree = "<group>"; };
		B7C5FFD01F9DC22A00DB252D /* ic_picture.png */ = {isa = PBXFileReference; lastKnownFileType = image.png; path = ic_picture.png; sourceTree = "<group>"; };
		B7C8AF141F833A670097597F /* ZImages.swift */ = {isa = PBXFileReference; fileEncoding = 4; lastKnownFileType = sourcecode.swift; path = ZImages.swift; sourceTree = "<group>"; };
		B7C8AF161F8342630097597F /* PengumumanDetailsTVC.swift */ = {isa = PBXFileReference; fileEncoding = 4; lastKnownFileType = sourcecode.swift; path = PengumumanDetailsTVC.swift; sourceTree = "<group>"; };
		B7C8AF181F8342770097597F /* PengumumanDetailsTVCell.swift */ = {isa = PBXFileReference; fileEncoding = 4; lastKnownFileType = sourcecode.swift; path = PengumumanDetailsTVCell.swift; sourceTree = "<group>"; };
		B7C8AF1A1F8346410097597F /* ZGraphics.swift */ = {isa = PBXFileReference; fileEncoding = 4; lastKnownFileType = sourcecode.swift; path = ZGraphics.swift; sourceTree = "<group>"; };
		B7C8AF1D1F83843C0097597F /* InfoPenggunaTVC.swift */ = {isa = PBXFileReference; fileEncoding = 4; lastKnownFileType = sourcecode.swift; path = InfoPenggunaTVC.swift; sourceTree = "<group>"; };
		B7C8AF1F1F8384530097597F /* InfoPenggunaTVCell.swift */ = {isa = PBXFileReference; fileEncoding = 4; lastKnownFileType = sourcecode.swift; path = InfoPenggunaTVCell.swift; sourceTree = "<group>"; };
		B7C8AF241F8488A80097597F /* LoginVC.swift */ = {isa = PBXFileReference; fileEncoding = 4; lastKnownFileType = sourcecode.swift; path = LoginVC.swift; sourceTree = "<group>"; };
		B7C8AF261F84BDF50097597F /* LoginProcessVC.swift */ = {isa = PBXFileReference; fileEncoding = 4; lastKnownFileType = sourcecode.swift; path = LoginProcessVC.swift; sourceTree = "<group>"; };
		B7C8AF281F84E5A50097597F /* ZUIs.swift */ = {isa = PBXFileReference; fileEncoding = 4; lastKnownFileType = sourcecode.swift; path = ZUIs.swift; sourceTree = "<group>"; };
		B7C8AF2A1F85EC510097597F /* Connectivity.swift */ = {isa = PBXFileReference; fileEncoding = 4; lastKnownFileType = sourcecode.swift; path = Connectivity.swift; sourceTree = "<group>"; };
		B7C8AF2C1F85ECA60097597F /* ZNetwork.swift */ = {isa = PBXFileReference; fileEncoding = 4; lastKnownFileType = sourcecode.swift; path = ZNetwork.swift; sourceTree = "<group>"; };
		B7C8AF2E1F85EEE60097597F /* URLs.swift */ = {isa = PBXFileReference; fileEncoding = 4; lastKnownFileType = sourcecode.swift; path = URLs.swift; sourceTree = "<group>"; };
		B7C8AF301F861BAF0097597F /* AfterLoginVC.swift */ = {isa = PBXFileReference; fileEncoding = 4; lastKnownFileType = sourcecode.swift; path = AfterLoginVC.swift; sourceTree = "<group>"; };
		B7C8AF331F8623090097597F /* ic_loginavt300.png */ = {isa = PBXFileReference; lastKnownFileType = image.png; path = ic_loginavt300.png; sourceTree = "<group>"; };
		B7C8AF351F8623210097597F /* ic_loginkey300.png */ = {isa = PBXFileReference; lastKnownFileType = image.png; path = ic_loginkey300.png; sourceTree = "<group>"; };
		B7C8AF371F8625280097597F /* ic_mardilogo.png */ = {isa = PBXFileReference; lastKnownFileType = image.png; path = ic_mardilogo.png; sourceTree = "<group>"; };
		B7C8AF3A1F8CAF9B0097597F /* ic_cog.png */ = {isa = PBXFileReference; lastKnownFileType = image.png; path = ic_cog.png; sourceTree = "<group>"; };
		B7C8AF3C1F8CBFEE0097597F /* ic_info_black.png */ = {isa = PBXFileReference; lastKnownFileType = image.png; path = ic_info_black.png; sourceTree = "<group>"; };
		B7C8AF3D1F8CBFEE0097597F /* ic_info.png */ = {isa = PBXFileReference; lastKnownFileType = image.png; path = ic_info.png; sourceTree = "<group>"; };
		B7C8AF3E1F8CBFEE0097597F /* ic_logout.png */ = {isa = PBXFileReference; lastKnownFileType = image.png; path = ic_logout.png; sourceTree = "<group>"; };
		B7C8AF421F8DD1FB0097597F /* ic_default.png */ = {isa = PBXFileReference; lastKnownFileType = image.png; path = ic_default.png; sourceTree = "<group>"; };
		B7C8AF441F8F1A1D0097597F /* BeforeNavController.swift */ = {isa = PBXFileReference; fileEncoding = 4; lastKnownFileType = sourcecode.swift; path = BeforeNavController.swift; sourceTree = "<group>"; };
		B7C8AF461F8F1C070097597F /* AfterNavController.swift */ = {isa = PBXFileReference; fileEncoding = 4; lastKnownFileType = sourcecode.swift; path = AfterNavController.swift; sourceTree = "<group>"; };
		B7C8AF481F8F243D0097597F /* InitialNC.swift */ = {isa = PBXFileReference; fileEncoding = 4; lastKnownFileType = sourcecode.swift; path = InitialNC.swift; sourceTree = "<group>"; };
		B7D672771FA03BD900F916EF /* AboutVC.swift */ = {isa = PBXFileReference; fileEncoding = 4; lastKnownFileType = sourcecode.swift; path = AboutVC.swift; sourceTree = "<group>"; };
		B7D672791FA03F7300F916EF /* CustomLabel.swift */ = {isa = PBXFileReference; fileEncoding = 4; lastKnownFileType = sourcecode.swift; path = CustomLabel.swift; sourceTree = "<group>"; };
		BE9394F831E349D44A66210D /* Pods_MardiKomunitiIOS.framework */ = {isa = PBXFileReference; explicitFileType = wrapper.framework; includeInIndex = 0; path = Pods_MardiKomunitiIOS.framework; sourceTree = BUILT_PRODUCTS_DIR; };
/* End PBXFileReference section */

/* Begin PBXFrameworksBuildPhase section */
		9E44623D1F7E374700F82591 /* Frameworks */ = {
			isa = PBXFrameworksBuildPhase;
			buildActionMask = 2147483647;
			files = (
				8AD602A5C3BF6182E97CA3F9 /* Pods_MardiKomunitiIOS.framework in Frameworks */,
			);
			runOnlyForDeploymentPostprocessing = 0;
		};
/* End PBXFrameworksBuildPhase section */

/* Begin PBXGroup section */
		673420F58CE7E5697264B833 /* Pods */ = {
			isa = PBXGroup;
			children = (
				79C3F55900B47F65D8E38E71 /* Pods-MardiKomunitiIOS.debug.xcconfig */,
				19FAB0D63926E69F98D04A81 /* Pods-MardiKomunitiIOS.release.xcconfig */,
			);
			name = Pods;
			sourceTree = "<group>";
		};
		9E0552CA1F8490F5002BA0E0 /* Message */ = {
			isa = PBXGroup;
			children = (
				9E0552CB1F849132002BA0E0 /* MessageInboxTVC.swift */,
				9E0552CD1F84972A002BA0E0 /* MessageInboxCell.swift */,
				9E49FCBA1F8CACFC001006A5 /* Mesej.swift */,
				9E0552D71F84CE33002BA0E0 /* Details */,
			);
			name = Message;
			sourceTree = "<group>";
		};
		9E0552D71F84CE33002BA0E0 /* Details */ = {
			isa = PBXGroup;
			children = (
				9E0552E41F84EDB6002BA0E0 /* MessageDetailsVC.swift */,
				9E0552E61F84FD6F002BA0E0 /* MessageDetailsExtension.swift */,
				9E49FCC01F8E210B001006A5 /* Views */,
			);
			name = Details;
			sourceTree = "<group>";
		};
		9E4462371F7E374600F82591 = {
			isa = PBXGroup;
			children = (
				9E4462421F7E374700F82591 /* MardiKomunitiIOS */,
				9E4462411F7E374700F82591 /* Products */,
				673420F58CE7E5697264B833 /* Pods */,
				D3ABA0F4D711F4525CA64C50 /* Frameworks */,
			);
			sourceTree = "<group>";
		};
		9E4462411F7E374700F82591 /* Products */ = {
			isa = PBXGroup;
			children = (
				9E4462401F7E374700F82591 /* MardiKomunitiIOS.app */,
			);
			name = Products;
			sourceTree = "<group>";
		};
		9E4462421F7E374700F82591 /* MardiKomunitiIOS */ = {
			isa = PBXGroup;
			children = (
				B7C5FFC41F98995F00DB252D /* MardiKomunitiIOS.entitlements */,
				9EC60DEF1F87387000E056EF /* Projek */,
				9E0552CA1F8490F5002BA0E0 /* Message */,
				B7C8AF211F8488520097597F /* Login */,
				B7C8AF1C1F8384170097597F /* Info */,
				B71AD02B1F8336EC008DA4AF /* Res */,
				B71AD0241F8242CA008DA4AF /* Pengumuman */,
				9E5884731F81FB9E001EDA2E /* AplikasiBerkaitan */,
				9E58847A1F81FCD4001EDA2E /* Etc */,
				9E4462431F7E374700F82591 /* AppDelegate.swift */,
				9E4462451F7E374700F82591 /* ViewController.swift */,
				9E4462471F7E374700F82591 /* Main.storyboard */,
				9E44624A1F7E374700F82591 /* Assets.xcassets */,
				9E44624C1F7E374700F82591 /* LaunchScreen.storyboard */,
				9E44624F1F7E374700F82591 /* Info.plist */,
			);
			path = MardiKomunitiIOS;
			sourceTree = "<group>";
		};
		9E49FCC01F8E210B001006A5 /* Views */ = {
			isa = PBXGroup;
			children = (
				9E49FCBE1F8DF90A001006A5 /* Respond.swift */,
				9E0552D81F84DBDD002BA0E0 /* MembersCollectionCell.swift */,
				9E0552E21F84EBF1002BA0E0 /* MembersCollectionCell.xib */,
				9E0552D11F84CE09002BA0E0 /* MembersCell.swift */,
				9E0552DC1F84E6DB002BA0E0 /* MembersCell.xib */,
				9E0552D31F84CE19002BA0E0 /* ContentCell.swift */,
				9E0552DE1F84E86E002BA0E0 /* ContentCell.xib */,
				9E0552D51F84CE26002BA0E0 /* RepliedCell.swift */,
				9E0552E01F84EA87002BA0E0 /* RepliedCell.xib */,
				9E49FCC31F8E3FB1001006A5 /* ErrorCell.swift */,
				9E49FCC11F8E3F1F001006A5 /* ErrorCell.xib */,
			);
			name = Views;
			sourceTree = "<group>";
		};
		9E49FCC51F8E673F001006A5 /* Details */ = {
			isa = PBXGroup;
			children = (
				9E49FCCC1F8E6FB0001006A5 /* BasicInfoCell.swift */,
				9E49FCCE1F8E716D001006A5 /* ProjekDetailsTVC.swift */,
				9E49FCC81F8E6CD4001006A5 /* ProjectMembersCell.swift */,
				9E49FCC91F8E6CD4001006A5 /* ProjectMembersCell.xib */,
			);
			name = Details;
			sourceTree = "<group>";
		};
		9E5884731F81FB9E001EDA2E /* AplikasiBerkaitan */ = {
			isa = PBXGroup;
			children = (
				9E5884741F81FBF5001EDA2E /* AplikasiBerkaitanCVC.swift */,
				9E58847D1F8215D2001EDA2E /* AplikasiCell.swift */,
				9E6B45801F98912200EDB928 /* AplikasiName.swift */,
				B7C5FFC71F99E00300DB252D /* AplikasiBerkaitanNC.swift */,
			);
			name = AplikasiBerkaitan;
			sourceTree = "<group>";
		};
		9E58847A1F81FCD4001EDA2E /* Etc */ = {
			isa = PBXGroup;
			children = (
				B7C8AF2C1F85ECA60097597F /* ZNetwork.swift */,
				B7C8AF281F84E5A50097597F /* ZUIs.swift */,
				B7C8AF1A1F8346410097597F /* ZGraphics.swift */,
				B7C8AF141F833A670097597F /* ZImages.swift */,
				B71AD0291F8331E2008DA4AF /* ZUISetup.swift */,
				9E5884761F81FC91001EDA2E /* Extension.swift */,
				9E5884781F81FCAC001EDA2E /* NetworkProcessor.swift */,
				9E58847B1F8210FA001EDA2E /* Colors.swift */,
				B7C8AF2A1F85EC510097597F /* Connectivity.swift */,
				B7C8AF2E1F85EEE60097597F /* URLs.swift */,
				9E49FCD21F906ADA001006A5 /* AlertController.swift */,
				9E49FCBC1F8CC02C001006A5 /* LoadingSpinner.swift */,
				B7C5FFC51F99DD4600DB252D /* Strings.swift */,
				B7D672791FA03F7300F916EF /* CustomLabel.swift */,
			);
			name = Etc;
			sourceTree = "<group>";
		};
		9EC60DEF1F87387000E056EF /* Projek */ = {
			isa = PBXGroup;
			children = (
				9EC60DF01F8738A100E056EF /* ProjectTVC.swift */,
				9EC60DF21F87552000E056EF /* ProjekCell.swift */,
				9EC60DF41F876C0A00E056EF /* Projek.swift */,
				9E49FCC51F8E673F001006A5 /* Details */,
			);
			name = Projek;
			sourceTree = "<group>";
		};
		B71AD0241F8242CA008DA4AF /* Pengumuman */ = {
			isa = PBXGroup;
			children = (
				B71AD0251F832F8D008DA4AF /* PengumumanTVC.swift */,
				B71AD0271F833001008DA4AF /* PengumumanTVCell.swift */,
				B7C8AF161F8342630097597F /* PengumumanDetailsTVC.swift */,
				B7C8AF181F8342770097597F /* PengumumanDetailsTVCell.swift */,
				B712FAD11F90AA1C003A873F /* CreateAnnouncementTVC.swift */,
				B712FAD31F90AA42003A873F /* CreateAnnouncementTVCell.swift */,
				B7C5FFCB1F9D881F00DB252D /* GetProjectNVC.swift */,
			);
			name = Pengumuman;
			sourceTree = "<group>";
		};
		B71AD02B1F8336EC008DA4AF /* Res */ = {
			isa = PBXGroup;
			children = (
				B71AD02C1F8336F6008DA4AF /* Sprites */,
			);
			name = Res;
			sourceTree = "<group>";
		};
		B71AD02C1F8336F6008DA4AF /* Sprites */ = {
			isa = PBXGroup;
			children = (
				B7C5FFCF1F9DC22A00DB252D /* ic_photo-camera.png */,
				B7C5FFD01F9DC22A00DB252D /* ic_picture.png */,
				B7C5FFCD1F9D981500DB252D /* ic_sendmsg.png */,
				B7C5FFC21F98510B00DB252D /* ic_plus.png */,
				B712FAC91F8F9A29003A873F /* ic_email.png */,
				B712FACA1F8F9A29003A873F /* ic_phone.png */,
				B712FACB1F8F9A29003A873F /* ic_placepoint.png */,
				B712FACC1F8F9A29003A873F /* ic_profile.png */,
				B7C8AF421F8DD1FB0097597F /* ic_default.png */,
				B7C8AF391F8CAF850097597F /* Info */,
				B7C8AF371F8625280097597F /* ic_mardilogo.png */,
				B7C8AF321F8620660097597F /* Login */,
				B71AD02D1F833708008DA4AF /* padikebangsaan.jpg */,
			);
			name = Sprites;
			sourceTree = "<group>";
		};
		B7C8AF1C1F8384170097597F /* Info */ = {
			isa = PBXGroup;
			children = (
				B7C8AF1D1F83843C0097597F /* InfoPenggunaTVC.swift */,
				B7C8AF1F1F8384530097597F /* InfoPenggunaTVCell.swift */,
				B712FAC51F8F605F003A873F /* UserDetailsTVC.swift */,
				B712FAC71F8F6089003A873F /* UserDetailsTVCell.swift */,
				B7C5FFC91F99EEB000DB252D /* SettingsPassVC.swift */,
				B7D672771FA03BD900F916EF /* AboutVC.swift */,
			);
			name = Info;
			sourceTree = "<group>";
		};
		B7C8AF211F8488520097597F /* Login */ = {
			isa = PBXGroup;
			children = (
				9E58847F1F821B6F001EDA2E /* MainTabBarVC.swift */,
				B7C8AF241F8488A80097597F /* LoginVC.swift */,
				B7C8AF261F84BDF50097597F /* LoginProcessVC.swift */,
				B7C8AF301F861BAF0097597F /* AfterLoginVC.swift */,
				B7C8AF441F8F1A1D0097597F /* BeforeNavController.swift */,
				B7C8AF461F8F1C070097597F /* AfterNavController.swift */,
				B7C8AF481F8F243D0097597F /* InitialNC.swift */,
			);
			name = Login;
			sourceTree = "<group>";
		};
		B7C8AF321F8620660097597F /* Login */ = {
			isa = PBXGroup;
			children = (
				B7C8AF351F8623210097597F /* ic_loginkey300.png */,
				B7C8AF331F8623090097597F /* ic_loginavt300.png */,
			);
			name = Login;
			sourceTree = "<group>";
		};
		B7C8AF391F8CAF850097597F /* Info */ = {
			isa = PBXGroup;
			children = (
				B7C8AF3C1F8CBFEE0097597F /* ic_info_black.png */,
				B7C8AF3D1F8CBFEE0097597F /* ic_info.png */,
				B7C8AF3E1F8CBFEE0097597F /* ic_logout.png */,
				B7C8AF3A1F8CAF9B0097597F /* ic_cog.png */,
			);
			name = Info;
			sourceTree = "<group>";
		};
		D3ABA0F4D711F4525CA64C50 /* Frameworks */ = {
			isa = PBXGroup;
			children = (
				BE9394F831E349D44A66210D /* Pods_MardiKomunitiIOS.framework */,
			);
			name = Frameworks;
			sourceTree = "<group>";
		};
/* End PBXGroup section */

/* Begin PBXNativeTarget section */
		9E44623F1F7E374700F82591 /* MardiKomunitiIOS */ = {
			isa = PBXNativeTarget;
			buildConfigurationList = 9E4462521F7E374700F82591 /* Build configuration list for PBXNativeTarget "MardiKomunitiIOS" */;
			buildPhases = (
				8BF612A76DB8C414AB0B7C65 /* [CP] Check Pods Manifest.lock */,
				9E44623C1F7E374700F82591 /* Sources */,
				9E44623D1F7E374700F82591 /* Frameworks */,
				9E44623E1F7E374700F82591 /* Resources */,
				04B261BF2BA5DD61EA1BD5CF /* [CP] Embed Pods Frameworks */,
				06D8668A0E8EA50F7B626B35 /* [CP] Copy Pods Resources */,
			);
			buildRules = (
			);
			dependencies = (
			);
			name = MardiKomunitiIOS;
			productName = MardiKomunitiIOS;
			productReference = 9E4462401F7E374700F82591 /* MardiKomunitiIOS.app */;
			productType = "com.apple.product-type.application";
		};
/* End PBXNativeTarget section */

/* Begin PBXProject section */
		9E4462381F7E374600F82591 /* Project object */ = {
			isa = PBXProject;
			attributes = {
				LastSwiftUpdateCheck = 0820;
				LastUpgradeCheck = 0820;
				ORGANIZATIONNAME = com.ingeniworks;
				TargetAttributes = {
					9E44623F1F7E374700F82591 = {
						CreatedOnToolsVersion = 8.2.1;
						DevelopmentTeam = 6CSE68LD7S;
						ProvisioningStyle = Automatic;
						SystemCapabilities = {
							com.apple.Keychain = {
								enabled = 0;
							};
							com.apple.iCloud = {
								enabled = 1;
							};
						};
					};
				};
			};
			buildConfigurationList = 9E44623B1F7E374600F82591 /* Build configuration list for PBXProject "MardiKomunitiIOS" */;
			compatibilityVersion = "Xcode 3.2";
			developmentRegion = English;
			hasScannedForEncodings = 0;
			knownRegions = (
				en,
				Base,
			);
			mainGroup = 9E4462371F7E374600F82591;
			productRefGroup = 9E4462411F7E374700F82591 /* Products */;
			projectDirPath = "";
			projectRoot = "";
			targets = (
				9E44623F1F7E374700F82591 /* MardiKomunitiIOS */,
			);
		};
/* End PBXProject section */

/* Begin PBXResourcesBuildPhase section */
		9E44623E1F7E374700F82591 /* Resources */ = {
			isa = PBXResourcesBuildPhase;
			buildActionMask = 2147483647;
			files = (
				B7C5FFD21F9DC22A00DB252D /* ic_picture.png in Resources */,
				B712FACE1F8F9A29003A873F /* ic_phone.png in Resources */,
				9E44624E1F7E374700F82591 /* LaunchScreen.storyboard in Resources */,
				B7C8AF3B1F8CAF9B0097597F /* ic_cog.png in Resources */,
				B7C8AF3F1F8CBFEE0097597F /* ic_info_black.png in Resources */,
				9E0552E31F84EBF1002BA0E0 /* MembersCollectionCell.xib in Resources */,
				9E49FCCB1F8E6CD4001006A5 /* ProjectMembersCell.xib in Resources */,
				9E44624B1F7E374700F82591 /* Assets.xcassets in Resources */,
				B7C8AF401F8CBFEE0097597F /* ic_info.png in Resources */,
				9E0552E11F84EA87002BA0E0 /* RepliedCell.xib in Resources */,
				B71AD02E1F833708008DA4AF /* padikebangsaan.jpg in Resources */,
				9E0552DD1F84E6DB002BA0E0 /* MembersCell.xib in Resources */,
				B7C8AF361F8623210097597F /* ic_loginkey300.png in Resources */,
				9E44624B1F7E374700F82591 /* Assets.xcassets in Resources */,
				B7C8AF381F8625280097597F /* ic_mardilogo.png in Resources */,
				B71AD02E1F833708008DA4AF /* padikebangsaan.jpg in Resources */,
				B7C5FFC31F98510B00DB252D /* ic_plus.png in Resources */,
				B7C8AF431F8DD1FB0097597F /* ic_default.png in Resources */,
				B7C5FFCE1F9D981500DB252D /* ic_sendmsg.png in Resources */,
				9E49FCC21F8E3F1F001006A5 /* ErrorCell.xib in Resources */,
				B7C8AF341F8623090097597F /* ic_loginavt300.png in Resources */,
				B7C8AF411F8CBFEE0097597F /* ic_logout.png in Resources */,
				9E4462491F7E374700F82591 /* Main.storyboard in Resources */,
				B712FACD1F8F9A29003A873F /* ic_email.png in Resources */,
				B712FAD01F8F9A29003A873F /* ic_profile.png in Resources */,
				B7C5FFD11F9DC22A00DB252D /* ic_photo-camera.png in Resources */,
				9E0552DF1F84E86E002BA0E0 /* ContentCell.xib in Resources */,
				B712FACF1F8F9A29003A873F /* ic_placepoint.png in Resources */,
			);
			runOnlyForDeploymentPostprocessing = 0;
		};
/* End PBXResourcesBuildPhase section */

/* Begin PBXShellScriptBuildPhase section */
		04B261BF2BA5DD61EA1BD5CF /* [CP] Embed Pods Frameworks */ = {
			isa = PBXShellScriptBuildPhase;
			buildActionMask = 2147483647;
			files = (
			);
			inputPaths = (
			);
			name = "[CP] Embed Pods Frameworks";
			outputPaths = (
			);
			runOnlyForDeploymentPostprocessing = 0;
			shellPath = /bin/sh;
			shellScript = "\"${SRCROOT}/Pods/Target Support Files/Pods-MardiKomunitiIOS/Pods-MardiKomunitiIOS-frameworks.sh\"\n";
			showEnvVarsInLog = 0;
		};
		06D8668A0E8EA50F7B626B35 /* [CP] Copy Pods Resources */ = {
			isa = PBXShellScriptBuildPhase;
			buildActionMask = 2147483647;
			files = (
			);
			inputPaths = (
			);
			name = "[CP] Copy Pods Resources";
			outputPaths = (
			);
			runOnlyForDeploymentPostprocessing = 0;
			shellPath = /bin/sh;
			shellScript = "\"${SRCROOT}/Pods/Target Support Files/Pods-MardiKomunitiIOS/Pods-MardiKomunitiIOS-resources.sh\"\n";
			showEnvVarsInLog = 0;
		};
		8BF612A76DB8C414AB0B7C65 /* [CP] Check Pods Manifest.lock */ = {
			isa = PBXShellScriptBuildPhase;
			buildActionMask = 2147483647;
			files = (
			);
			inputPaths = (
			);
			name = "[CP] Check Pods Manifest.lock";
			outputPaths = (
			);
			runOnlyForDeploymentPostprocessing = 0;
			shellPath = /bin/sh;
			shellScript = "diff \"${PODS_ROOT}/../Podfile.lock\" \"${PODS_ROOT}/Manifest.lock\" > /dev/null\nif [ $? != 0 ] ; then\n    # print error to STDERR\n    echo \"error: The sandbox is not in sync with the Podfile.lock. Run 'pod install' or update your CocoaPods installation.\" >&2\n    exit 1\nfi\n";
			showEnvVarsInLog = 0;
		};
/* End PBXShellScriptBuildPhase section */

/* Begin PBXSourcesBuildPhase section */
		9E44623C1F7E374700F82591 /* Sources */ = {
			isa = PBXSourcesBuildPhase;
			buildActionMask = 2147483647;
			files = (
				B7C8AF291F84E5A50097597F /* ZUIs.swift in Sources */,
				9E4462461F7E374700F82591 /* ViewController.swift in Sources */,
				B7C5FFCA1F99EEB000DB252D /* SettingsPassVC.swift in Sources */,
				9E0552D41F84CE19002BA0E0 /* ContentCell.swift in Sources */,
				9E58847C1F8210FA001EDA2E /* Colors.swift in Sources */,
				B7C5FFCC1F9D881F00DB252D /* GetProjectNVC.swift in Sources */,
				9E49FCCD1F8E6FB0001006A5 /* BasicInfoCell.swift in Sources */,
				B71AD0281F833001008DA4AF /* PengumumanTVCell.swift in Sources */,
				9EC60DF51F876C0A00E056EF /* Projek.swift in Sources */,
				9E49FCBB1F8CACFC001006A5 /* Mesej.swift in Sources */,
				9E0552E71F84FD6F002BA0E0 /* MessageDetailsExtension.swift in Sources */,
				B712FAC61F8F605F003A873F /* UserDetailsTVC.swift in Sources */,
				B7C8AF201F8384530097597F /* InfoPenggunaTVCell.swift in Sources */,
				9E0552E51F84EDB6002BA0E0 /* MessageDetailsVC.swift in Sources */,
				9E0552D21F84CE09002BA0E0 /* MembersCell.swift in Sources */,
				9E5884751F81FBF5001EDA2E /* AplikasiBerkaitanCVC.swift in Sources */,
				B71AD0261F832F8D008DA4AF /* PengumumanTVC.swift in Sources */,
				9E49FCCA1F8E6CD4001006A5 /* ProjectMembersCell.swift in Sources */,
				9E49FCBD1F8CC02C001006A5 /* LoadingSpinner.swift in Sources */,
				9E4462441F7E374700F82591 /* AppDelegate.swift in Sources */,
				B71AD02A1F8331E2008DA4AF /* ZUISetup.swift in Sources */,
				B712FAC81F8F6089003A873F /* UserDetailsTVCell.swift in Sources */,
				9E0552D61F84CE26002BA0E0 /* RepliedCell.swift in Sources */,
				9E49FCCF1F8E716D001006A5 /* ProjekDetailsTVC.swift in Sources */,
				B7C8AF311F861BAF0097597F /* AfterLoginVC.swift in Sources */,
				B7C8AF471F8F1C070097597F /* AfterNavController.swift in Sources */,
				9E5884771F81FC91001EDA2E /* Extension.swift in Sources */,
				B7C8AF151F833A670097597F /* ZImages.swift in Sources */,
				B7D672781FA03BD900F916EF /* AboutVC.swift in Sources */,
				B7C8AF491F8F243D0097597F /* InitialNC.swift in Sources */,
				9E0552D91F84DBDD002BA0E0 /* MembersCollectionCell.swift in Sources */,
				9E0552CC1F849132002BA0E0 /* MessageInboxTVC.swift in Sources */,
				B7C8AF1B1F8346410097597F /* ZGraphics.swift in Sources */,
				B712FAD41F90AA42003A873F /* CreateAnnouncementTVCell.swift in Sources */,
				9E6B45811F98912200EDB928 /* AplikasiName.swift in Sources */,
				B7C8AF171F8342630097597F /* PengumumanDetailsTVC.swift in Sources */,
				9E49FCBF1F8DF90A001006A5 /* Respond.swift in Sources */,
				9E58847E1F8215D2001EDA2E /* AplikasiCell.swift in Sources */,
				9EC60DF11F8738A100E056EF /* ProjectTVC.swift in Sources */,
				B712FAD21F90AA1C003A873F /* CreateAnnouncementTVC.swift in Sources */,
				B7D6727A1FA03F7300F916EF /* CustomLabel.swift in Sources */,
				B7C8AF451F8F1A1D0097597F /* BeforeNavController.swift in Sources */,
				9E5884791F81FCAC001EDA2E /* NetworkProcessor.swift in Sources */,
				9E49FCD31F906ADA001006A5 /* AlertController.swift in Sources */,
				B7C8AF2D1F85ECA60097597F /* ZNetwork.swift in Sources */,
				9E49FCC41F8E3FB1001006A5 /* ErrorCell.swift in Sources */,
				B7C8AF2F1F85EEE60097597F /* URLs.swift in Sources */,
				B7C8AF271F84BDF50097597F /* LoginProcessVC.swift in Sources */,
				B7C8AF251F8488A80097597F /* LoginVC.swift in Sources */,
				9EC60DF31F87552000E056EF /* ProjekCell.swift in Sources */,
				B7C5FFC81F99E00300DB252D /* AplikasiBerkaitanNC.swift in Sources */,
				B7C5FFC61F99DD4600DB252D /* Strings.swift in Sources */,
				9E5884801F821B6F001EDA2E /* MainTabBarVC.swift in Sources */,
				B7C8AF1E1F83843C0097597F /* InfoPenggunaTVC.swift in Sources */,
				B7C8AF191F8342770097597F /* PengumumanDetailsTVCell.swift in Sources */,
				9E0552CE1F84972A002BA0E0 /* MessageInboxCell.swift in Sources */,
				B7C8AF2B1F85EC510097597F /* Connectivity.swift in Sources */,
			);
			runOnlyForDeploymentPostprocessing = 0;
		};
/* End PBXSourcesBuildPhase section */

/* Begin PBXVariantGroup section */
		9E4462471F7E374700F82591 /* Main.storyboard */ = {
			isa = PBXVariantGroup;
			children = (
				9E4462481F7E374700F82591 /* Base */,
			);
			name = Main.storyboard;
			sourceTree = "<group>";
		};
		9E44624C1F7E374700F82591 /* LaunchScreen.storyboard */ = {
			isa = PBXVariantGroup;
			children = (
				9E44624D1F7E374700F82591 /* Base */,
			);
			name = LaunchScreen.storyboard;
			sourceTree = "<group>";
		};
/* End PBXVariantGroup section */

/* Begin XCBuildConfiguration section */
		9E4462501F7E374700F82591 /* Debug */ = {
			isa = XCBuildConfiguration;
			buildSettings = {
				ALWAYS_SEARCH_USER_PATHS = NO;
				CLANG_ANALYZER_NONNULL = YES;
				CLANG_CXX_LANGUAGE_STANDARD = "gnu++0x";
				CLANG_CXX_LIBRARY = "libc++";
				CLANG_ENABLE_MODULES = YES;
				CLANG_ENABLE_OBJC_ARC = YES;
				CLANG_WARN_BOOL_CONVERSION = YES;
				CLANG_WARN_CONSTANT_CONVERSION = YES;
				CLANG_WARN_DIRECT_OBJC_ISA_USAGE = YES_ERROR;
				CLANG_WARN_DOCUMENTATION_COMMENTS = YES;
				CLANG_WARN_EMPTY_BODY = YES;
				CLANG_WARN_ENUM_CONVERSION = YES;
				CLANG_WARN_INFINITE_RECURSION = YES;
				CLANG_WARN_INT_CONVERSION = YES;
				CLANG_WARN_OBJC_ROOT_CLASS = YES_ERROR;
				CLANG_WARN_SUSPICIOUS_MOVE = YES;
				CLANG_WARN_UNREACHABLE_CODE = YES;
				CLANG_WARN__DUPLICATE_METHOD_MATCH = YES;
				"CODE_SIGN_IDENTITY[sdk=iphoneos*]" = "iPhone Developer";
				COPY_PHASE_STRIP = NO;
				DEBUG_INFORMATION_FORMAT = dwarf;
				ENABLE_STRICT_OBJC_MSGSEND = YES;
				ENABLE_TESTABILITY = YES;
				GCC_C_LANGUAGE_STANDARD = gnu99;
				GCC_DYNAMIC_NO_PIC = NO;
				GCC_NO_COMMON_BLOCKS = YES;
				GCC_OPTIMIZATION_LEVEL = 0;
				GCC_PREPROCESSOR_DEFINITIONS = (
					"DEBUG=1",
					"$(inherited)",
				);
				GCC_WARN_64_TO_32_BIT_CONVERSION = YES;
				GCC_WARN_ABOUT_RETURN_TYPE = YES_ERROR;
				GCC_WARN_UNDECLARED_SELECTOR = YES;
				GCC_WARN_UNINITIALIZED_AUTOS = YES_AGGRESSIVE;
				GCC_WARN_UNUSED_FUNCTION = YES;
				GCC_WARN_UNUSED_VARIABLE = YES;
				IPHONEOS_DEPLOYMENT_TARGET = 10.2;
				MTL_ENABLE_DEBUG_INFO = YES;
				ONLY_ACTIVE_ARCH = YES;
				SDKROOT = iphoneos;
				SWIFT_ACTIVE_COMPILATION_CONDITIONS = DEBUG;
				SWIFT_OPTIMIZATION_LEVEL = "-Onone";
			};
			name = Debug;
		};
		9E4462511F7E374700F82591 /* Release */ = {
			isa = XCBuildConfiguration;
			buildSettings = {
				ALWAYS_SEARCH_USER_PATHS = NO;
				CLANG_ANALYZER_NONNULL = YES;
				CLANG_CXX_LANGUAGE_STANDARD = "gnu++0x";
				CLANG_CXX_LIBRARY = "libc++";
				CLANG_ENABLE_MODULES = YES;
				CLANG_ENABLE_OBJC_ARC = YES;
				CLANG_WARN_BOOL_CONVERSION = YES;
				CLANG_WARN_CONSTANT_CONVERSION = YES;
				CLANG_WARN_DIRECT_OBJC_ISA_USAGE = YES_ERROR;
				CLANG_WARN_DOCUMENTATION_COMMENTS = YES;
				CLANG_WARN_EMPTY_BODY = YES;
				CLANG_WARN_ENUM_CONVERSION = YES;
				CLANG_WARN_INFINITE_RECURSION = YES;
				CLANG_WARN_INT_CONVERSION = YES;
				CLANG_WARN_OBJC_ROOT_CLASS = YES_ERROR;
				CLANG_WARN_SUSPICIOUS_MOVE = YES;
				CLANG_WARN_UNREACHABLE_CODE = YES;
				CLANG_WARN__DUPLICATE_METHOD_MATCH = YES;
				"CODE_SIGN_IDENTITY[sdk=iphoneos*]" = "iPhone Developer";
				COPY_PHASE_STRIP = NO;
				DEBUG_INFORMATION_FORMAT = "dwarf-with-dsym";
				ENABLE_NS_ASSERTIONS = NO;
				ENABLE_STRICT_OBJC_MSGSEND = YES;
				GCC_C_LANGUAGE_STANDARD = gnu99;
				GCC_NO_COMMON_BLOCKS = YES;
				GCC_WARN_64_TO_32_BIT_CONVERSION = YES;
				GCC_WARN_ABOUT_RETURN_TYPE = YES_ERROR;
				GCC_WARN_UNDECLARED_SELECTOR = YES;
				GCC_WARN_UNINITIALIZED_AUTOS = YES_AGGRESSIVE;
				GCC_WARN_UNUSED_FUNCTION = YES;
				GCC_WARN_UNUSED_VARIABLE = YES;
				IPHONEOS_DEPLOYMENT_TARGET = 10.2;
				MTL_ENABLE_DEBUG_INFO = NO;
				SDKROOT = iphoneos;
				SWIFT_OPTIMIZATION_LEVEL = "-Owholemodule";
				VALIDATE_PRODUCT = YES;
			};
			name = Release;
		};
		9E4462531F7E374700F82591 /* Debug */ = {
			isa = XCBuildConfiguration;
			baseConfigurationReference = 79C3F55900B47F65D8E38E71 /* Pods-MardiKomunitiIOS.debug.xcconfig */;
			buildSettings = {
				ASSETCATALOG_COMPILER_APPICON_NAME = AppIcon;
				CODE_SIGN_ENTITLEMENTS = MardiKomunitiIOS/MardiKomunitiIOS.entitlements;
				DEVELOPMENT_TEAM = 6CSE68LD7S;
				INFOPLIST_FILE = MardiKomunitiIOS/Info.plist;
				IPHONEOS_DEPLOYMENT_TARGET = 10.0;
				LD_RUNPATH_SEARCH_PATHS = "$(inherited) @executable_path/Frameworks";
				PRODUCT_BUNDLE_IDENTIFIER = com.ingeniworks.mmyagroi;
				PRODUCT_NAME = "$(TARGET_NAME)";
				SWIFT_VERSION = 3.0;
			};
			name = Debug;
		};
		9E4462541F7E374700F82591 /* Release */ = {
			isa = XCBuildConfiguration;
			baseConfigurationReference = 19FAB0D63926E69F98D04A81 /* Pods-MardiKomunitiIOS.release.xcconfig */;
			buildSettings = {
				ASSETCATALOG_COMPILER_APPICON_NAME = AppIcon;
				CODE_SIGN_ENTITLEMENTS = MardiKomunitiIOS/MardiKomunitiIOS.entitlements;
				DEVELOPMENT_TEAM = 6CSE68LD7S;
				INFOPLIST_FILE = MardiKomunitiIOS/Info.plist;
				IPHONEOS_DEPLOYMENT_TARGET = 10.0;
				LD_RUNPATH_SEARCH_PATHS = "$(inherited) @executable_path/Frameworks";
				PRODUCT_BUNDLE_IDENTIFIER = com.ingeniworks.mmyagroi;
				PRODUCT_NAME = "$(TARGET_NAME)";
				SWIFT_VERSION = 3.0;
			};
			name = Release;
		};
/* End XCBuildConfiguration section */

/* Begin XCConfigurationList section */
		9E44623B1F7E374600F82591 /* Build configuration list for PBXProject "MardiKomunitiIOS" */ = {
			isa = XCConfigurationList;
			buildConfigurations = (
				9E4462501F7E374700F82591 /* Debug */,
				9E4462511F7E374700F82591 /* Release */,
			);
			defaultConfigurationIsVisible = 0;
			defaultConfigurationName = Release;
		};
		9E4462521F7E374700F82591 /* Build configuration list for PBXNativeTarget "MardiKomunitiIOS" */ = {
			isa = XCConfigurationList;
			buildConfigurations = (
				9E4462531F7E374700F82591 /* Debug */,
				9E4462541F7E374700F82591 /* Release */,
			);
			defaultConfigurationIsVisible = 0;
			defaultConfigurationName = Release;
		};
/* End XCConfigurationList section */
	};
	rootObject = 9E4462381F7E374600F82591 /* Project object */;
}
